
Microsoft Visual Studio Solution File, Format Version 12.00
# Visual Studio 15
VisualStudioVersion = 15.0.28010.2016
MinimumVisualStudioVersion = 10.0.40219.1
Project("{FAE04EC0-301F-11D3-BF4B-00C04F79EFBC}") = "XamarinBegin.Android", "XamarinBegin\XamarinBegin.Android\XamarinBegin.Android.csproj", "{2E6A2879-005B-4378-AD40-86BEFD3080C2}"
EndProject
Project("{FAE04EC0-301F-11D3-BF4B-00C04F79EFBC}") = "XamarinBegin.iOS", "XamarinBegin\XamarinBegin.iOS\XamarinBegin.iOS.csproj", "{F51F4092-D5F7-4B98-9508-F566430A0809}"
EndProject
Project("{9A19103F-16F7-4668-BE54-9A1E7A4F7556}") = "XamarinBegin", "XamarinBegin\XamarinBegin\XamarinBegin.csproj", "{8BDA8E13-B42B-4C62-A555-3A0BF99CE94C}"
EndProject
Project("{2150E333-8FDC-42A3-9474-1A3956D46DE8}") = "Solution Items", "Solution Items", "{FBDFF73B-0AF4-45CD-8E9F-4EEC0CB87EF7}"
EndProject
Project("{FAE04EC0-301F-11D3-BF4B-00C04F79EFBC}") = "Exercises.Android", "Exercises\Exercises.Android\Exercises.Android.csproj", "{E666EC24-9A66-4951-BAE9-1D754F8F6EE1}"
EndProject
Project("{FAE04EC0-301F-11D3-BF4B-00C04F79EFBC}") = "Exercises.iOS", "Exercises\Exercises.iOS\Exercises.iOS.csproj", "{4CD8E1DA-96E5-4B9B-8827-1B928A9871B2}"
EndProject
Project("{9A19103F-16F7-4668-BE54-9A1E7A4F7556}") = "Exercises", "Exercises\Exercises\Exercises.csproj", "{664A95BC-5BE9-4C25-B2A6-36733002593A}"
EndProject
Project("{FAE04EC0-301F-11D3-BF4B-00C04F79EFBC}") = "Grid.Exercise2.Android", "Grid.Exercise2\Grid.Exercise2.Android\Grid.Exercise2.Android.csproj", "{212153AD-304C-43C1-B693-A024879ACD8A}"
EndProject
Project("{FAE04EC0-301F-11D3-BF4B-00C04F79EFBC}") = "Grid.Exercise2.iOS", "Grid.Exercise2\Grid.Exercise2.iOS\Grid.Exercise2.iOS.csproj", "{61CF9185-C1C7-4035-AD0D-9EEB8F3BFFDD}"
EndProject
Project("{9A19103F-16F7-4668-BE54-9A1E7A4F7556}") = "Grid.Exercise2", "Grid.Exercise2\Grid.Exercise2\Grid.Exercise2.csproj", "{174189A5-6B07-4F60-980C-88358FE0925D}"
EndProject
Project("{FAE04EC0-301F-11D3-BF4B-00C04F79EFBC}") = "AbsExercise.Android", "AbsExercise\AbsExercise.Android\AbsExercise.Android.csproj", "{4D07FE28-15E9-4AAB-8C90-2E81268D4FB8}"
EndProject
Project("{FAE04EC0-301F-11D3-BF4B-00C04F79EFBC}") = "AbsExercise.iOS", "AbsExercise\AbsExercise.iOS\AbsExercise.iOS.csproj", "{CA319D68-50D6-412A-BFCE-D5C29F575EFA}"
EndProject
Project("{9A19103F-16F7-4668-BE54-9A1E7A4F7556}") = "AbsExercise", "AbsExercise\AbsExercise\AbsExercise.csproj", "{FED90240-8FD1-495F-89B1-C0CC3C7CE6C1}"
EndProject
Project("{FAE04EC0-301F-11D3-BF4B-00C04F79EFBC}") = "AbsExercise2.Android", "AbsExercise2\AbsExercise2.Android\AbsExercise2.Android.csproj", "{6017FDEE-C050-4B7F-A61A-96D078168EE7}"
EndProject
Project("{FAE04EC0-301F-11D3-BF4B-00C04F79EFBC}") = "AbsExercise2.iOS", "AbsExercise2\AbsExercise2.iOS\AbsExercise2.iOS.csproj", "{EF85C1D8-BCA6-4729-B7D7-DBE111ACF2DE}"
EndProject
Project("{9A19103F-16F7-4668-BE54-9A1E7A4F7556}") = "AbsExercise2", "AbsExercise2\AbsExercise2\AbsExercise2.csproj", "{25D81DA3-887F-4C7F-A3D1-CFC3354027EF}"
EndProject
Project("{FAE04EC0-301F-11D3-BF4B-00C04F79EFBC}") = "RelExercise1.Android", "RelExercise1\RelExercise1.Android\RelExercise1.Android.csproj", "{88C58A48-0DBB-427B-982E-23D7D10412CB}"
EndProject
Project("{FAE04EC0-301F-11D3-BF4B-00C04F79EFBC}") = "RelExercise1.iOS", "RelExercise1\RelExercise1.iOS\RelExercise1.iOS.csproj", "{A16B0231-2DF1-4964-B430-CA8B8C4C7DF7}"
EndProject
Project("{9A19103F-16F7-4668-BE54-9A1E7A4F7556}") = "RelExercise1", "RelExercise1\RelExercise1\RelExercise1.csproj", "{11D47A56-06A4-44F2-B99C-711ED0F1C5F9}"
EndProject
Project("{FAE04EC0-301F-11D3-BF4B-00C04F79EFBC}") = "ImageSource.Android", "ImageSource\ImageSource.Android\ImageSource.Android.csproj", "{FF3C4877-12EB-4E3B-98F3-05429926768D}"
EndProject
Project("{FAE04EC0-301F-11D3-BF4B-00C04F79EFBC}") = "ImageSource.iOS", "ImageSource\ImageSource.iOS\ImageSource.iOS.csproj", "{39689F1B-4EF9-4B84-9683-E930F473DE94}"
EndProject
Project("{9A19103F-16F7-4668-BE54-9A1E7A4F7556}") = "ImageSource", "ImageSource\ImageSource\ImageSource.csproj", "{7424A2DA-BD43-4261-8956-43879A16E8C0}"
EndProject
Project("{FAE04EC0-301F-11D3-BF4B-00C04F79EFBC}") = "CalcXamarin.Android", "CalcXamarin\CalcXamarin.Android\CalcXamarin.Android.csproj", "{17F58C2D-C8EF-4338-8653-415AFAB0DB9F}"
EndProject
Project("{FAE04EC0-301F-11D3-BF4B-00C04F79EFBC}") = "CalcXamarin.iOS", "CalcXamarin\CalcXamarin.iOS\CalcXamarin.iOS.csproj", "{8723E1CA-43A8-4741-8CFB-F967652747F8}"
EndProject
Project("{FAE04EC0-301F-11D3-BF4B-00C04F79EFBC}") = "CalcXamarin", "CalcXamarin\CalcXamarin\CalcXamarin.csproj", "{400D46D8-C5FB-440D-A7A2-5134D5AAC222}"
EndProject
Global
	GlobalSection(SolutionConfigurationPlatforms) = preSolution
		Ad-Hoc|Any CPU = Ad-Hoc|Any CPU
		Ad-Hoc|iPhone = Ad-Hoc|iPhone
		Ad-Hoc|iPhoneSimulator = Ad-Hoc|iPhoneSimulator
		AppStore|Any CPU = AppStore|Any CPU
		AppStore|iPhone = AppStore|iPhone
		AppStore|iPhoneSimulator = AppStore|iPhoneSimulator
		Debug|Any CPU = Debug|Any CPU
		Debug|iPhone = Debug|iPhone
		Debug|iPhoneSimulator = Debug|iPhoneSimulator
		Release|Any CPU = Release|Any CPU
		Release|iPhone = Release|iPhone
		Release|iPhoneSimulator = Release|iPhoneSimulator
	EndGlobalSection
	GlobalSection(ProjectConfigurationPlatforms) = postSolution
		{2E6A2879-005B-4378-AD40-86BEFD3080C2}.Ad-Hoc|Any CPU.ActiveCfg = Release|Any CPU
		{2E6A2879-005B-4378-AD40-86BEFD3080C2}.Ad-Hoc|Any CPU.Build.0 = Release|Any CPU
		{2E6A2879-005B-4378-AD40-86BEFD3080C2}.Ad-Hoc|Any CPU.Deploy.0 = Release|Any CPU
		{2E6A2879-005B-4378-AD40-86BEFD3080C2}.Ad-Hoc|iPhone.ActiveCfg = Release|Any CPU
		{2E6A2879-005B-4378-AD40-86BEFD3080C2}.Ad-Hoc|iPhone.Build.0 = Release|Any CPU
		{2E6A2879-005B-4378-AD40-86BEFD3080C2}.Ad-Hoc|iPhone.Deploy.0 = Release|Any CPU
		{2E6A2879-005B-4378-AD40-86BEFD3080C2}.Ad-Hoc|iPhoneSimulator.ActiveCfg = Release|Any CPU
		{2E6A2879-005B-4378-AD40-86BEFD3080C2}.Ad-Hoc|iPhoneSimulator.Build.0 = Release|Any CPU
		{2E6A2879-005B-4378-AD40-86BEFD3080C2}.Ad-Hoc|iPhoneSimulator.Deploy.0 = Release|Any CPU
		{2E6A2879-005B-4378-AD40-86BEFD3080C2}.AppStore|Any CPU.ActiveCfg = Release|Any CPU
		{2E6A2879-005B-4378-AD40-86BEFD3080C2}.AppStore|Any CPU.Build.0 = Release|Any CPU
		{2E6A2879-005B-4378-AD40-86BEFD3080C2}.AppStore|Any CPU.Deploy.0 = Release|Any CPU
		{2E6A2879-005B-4378-AD40-86BEFD3080C2}.AppStore|iPhone.ActiveCfg = Release|Any CPU
		{2E6A2879-005B-4378-AD40-86BEFD3080C2}.AppStore|iPhone.Build.0 = Release|Any CPU
		{2E6A2879-005B-4378-AD40-86BEFD3080C2}.AppStore|iPhone.Deploy.0 = Release|Any CPU
		{2E6A2879-005B-4378-AD40-86BEFD3080C2}.AppStore|iPhoneSimulator.ActiveCfg = Release|Any CPU
		{2E6A2879-005B-4378-AD40-86BEFD3080C2}.AppStore|iPhoneSimulator.Build.0 = Release|Any CPU
		{2E6A2879-005B-4378-AD40-86BEFD3080C2}.AppStore|iPhoneSimulator.Deploy.0 = Release|Any CPU
		{2E6A2879-005B-4378-AD40-86BEFD3080C2}.Debug|Any CPU.ActiveCfg = Debug|Any CPU
		{2E6A2879-005B-4378-AD40-86BEFD3080C2}.Debug|Any CPU.Build.0 = Debug|Any CPU
		{2E6A2879-005B-4378-AD40-86BEFD3080C2}.Debug|Any CPU.Deploy.0 = Debug|Any CPU
		{2E6A2879-005B-4378-AD40-86BEFD3080C2}.Debug|iPhone.ActiveCfg = Debug|Any CPU
		{2E6A2879-005B-4378-AD40-86BEFD3080C2}.Debug|iPhone.Build.0 = Debug|Any CPU
		{2E6A2879-005B-4378-AD40-86BEFD3080C2}.Debug|iPhone.Deploy.0 = Debug|Any CPU
		{2E6A2879-005B-4378-AD40-86BEFD3080C2}.Debug|iPhoneSimulator.ActiveCfg = Debug|Any CPU
		{2E6A2879-005B-4378-AD40-86BEFD3080C2}.Debug|iPhoneSimulator.Build.0 = Debug|Any CPU
		{2E6A2879-005B-4378-AD40-86BEFD3080C2}.Debug|iPhoneSimulator.Deploy.0 = Debug|Any CPU
		{2E6A2879-005B-4378-AD40-86BEFD3080C2}.Release|Any CPU.ActiveCfg = Release|Any CPU
		{2E6A2879-005B-4378-AD40-86BEFD3080C2}.Release|Any CPU.Build.0 = Release|Any CPU
		{2E6A2879-005B-4378-AD40-86BEFD3080C2}.Release|Any CPU.Deploy.0 = Release|Any CPU
		{2E6A2879-005B-4378-AD40-86BEFD3080C2}.Release|iPhone.ActiveCfg = Release|Any CPU
		{2E6A2879-005B-4378-AD40-86BEFD3080C2}.Release|iPhone.Build.0 = Release|Any CPU
		{2E6A2879-005B-4378-AD40-86BEFD3080C2}.Release|iPhone.Deploy.0 = Release|Any CPU
		{2E6A2879-005B-4378-AD40-86BEFD3080C2}.Release|iPhoneSimulator.ActiveCfg = Release|Any CPU
		{2E6A2879-005B-4378-AD40-86BEFD3080C2}.Release|iPhoneSimulator.Build.0 = Release|Any CPU
		{2E6A2879-005B-4378-AD40-86BEFD3080C2}.Release|iPhoneSimulator.Deploy.0 = Release|Any CPU
		{F51F4092-D5F7-4B98-9508-F566430A0809}.Ad-Hoc|Any CPU.ActiveCfg = Ad-Hoc|iPhone
		{F51F4092-D5F7-4B98-9508-F566430A0809}.Ad-Hoc|Any CPU.Build.0 = Ad-Hoc|iPhone
		{F51F4092-D5F7-4B98-9508-F566430A0809}.Ad-Hoc|Any CPU.Deploy.0 = Ad-Hoc|iPhone
		{F51F4092-D5F7-4B98-9508-F566430A0809}.Ad-Hoc|iPhone.ActiveCfg = Ad-Hoc|iPhone
		{F51F4092-D5F7-4B98-9508-F566430A0809}.Ad-Hoc|iPhone.Build.0 = Ad-Hoc|iPhone
		{F51F4092-D5F7-4B98-9508-F566430A0809}.Ad-Hoc|iPhone.Deploy.0 = Ad-Hoc|iPhone
		{F51F4092-D5F7-4B98-9508-F566430A0809}.Ad-Hoc|iPhoneSimulator.ActiveCfg = Ad-Hoc|iPhoneSimulator
		{F51F4092-D5F7-4B98-9508-F566430A0809}.Ad-Hoc|iPhoneSimulator.Build.0 = Ad-Hoc|iPhoneSimulator
		{F51F4092-D5F7-4B98-9508-F566430A0809}.Ad-Hoc|iPhoneSimulator.Deploy.0 = Ad-Hoc|iPhoneSimulator
		{F51F4092-D5F7-4B98-9508-F566430A0809}.AppStore|Any CPU.ActiveCfg = AppStore|iPhone
		{F51F4092-D5F7-4B98-9508-F566430A0809}.AppStore|Any CPU.Build.0 = AppStore|iPhone
		{F51F4092-D5F7-4B98-9508-F566430A0809}.AppStore|Any CPU.Deploy.0 = AppStore|iPhone
		{F51F4092-D5F7-4B98-9508-F566430A0809}.AppStore|iPhone.ActiveCfg = AppStore|iPhone
		{F51F4092-D5F7-4B98-9508-F566430A0809}.AppStore|iPhone.Build.0 = AppStore|iPhone
		{F51F4092-D5F7-4B98-9508-F566430A0809}.AppStore|iPhone.Deploy.0 = AppStore|iPhone
		{F51F4092-D5F7-4B98-9508-F566430A0809}.AppStore|iPhoneSimulator.ActiveCfg = AppStore|iPhoneSimulator
		{F51F4092-D5F7-4B98-9508-F566430A0809}.AppStore|iPhoneSimulator.Build.0 = AppStore|iPhoneSimulator
		{F51F4092-D5F7-4B98-9508-F566430A0809}.AppStore|iPhoneSimulator.Deploy.0 = AppStore|iPhoneSimulator
		{F51F4092-D5F7-4B98-9508-F566430A0809}.Debug|Any CPU.ActiveCfg = Debug|iPhoneSimulator
		{F51F4092-D5F7-4B98-9508-F566430A0809}.Debug|Any CPU.Build.0 = Debug|iPhoneSimulator
		{F51F4092-D5F7-4B98-9508-F566430A0809}.Debug|Any CPU.Deploy.0 = Debug|iPhoneSimulator
		{F51F4092-D5F7-4B98-9508-F566430A0809}.Debug|iPhone.ActiveCfg = Debug|iPhone
		{F51F4092-D5F7-4B98-9508-F566430A0809}.Debug|iPhone.Build.0 = Debug|iPhone
		{F51F4092-D5F7-4B98-9508-F566430A0809}.Debug|iPhone.Deploy.0 = Debug|iPhone
		{F51F4092-D5F7-4B98-9508-F566430A0809}.Debug|iPhoneSimulator.ActiveCfg = Debug|iPhoneSimulator
		{F51F4092-D5F7-4B98-9508-F566430A0809}.Debug|iPhoneSimulator.Build.0 = Debug|iPhoneSimulator
		{F51F4092-D5F7-4B98-9508-F566430A0809}.Debug|iPhoneSimulator.Deploy.0 = Debug|iPhoneSimulator
		{F51F4092-D5F7-4B98-9508-F566430A0809}.Release|Any CPU.ActiveCfg = Release|iPhone
		{F51F4092-D5F7-4B98-9508-F566430A0809}.Release|Any CPU.Build.0 = Release|iPhone
		{F51F4092-D5F7-4B98-9508-F566430A0809}.Release|Any CPU.Deploy.0 = Release|iPhone
		{F51F4092-D5F7-4B98-9508-F566430A0809}.Release|iPhone.ActiveCfg = Release|iPhone
		{F51F4092-D5F7-4B98-9508-F566430A0809}.Release|iPhone.Build.0 = Release|iPhone
		{F51F4092-D5F7-4B98-9508-F566430A0809}.Release|iPhone.Deploy.0 = Release|iPhone
		{F51F4092-D5F7-4B98-9508-F566430A0809}.Release|iPhoneSimulator.ActiveCfg = Release|iPhoneSimulator
		{F51F4092-D5F7-4B98-9508-F566430A0809}.Release|iPhoneSimulator.Build.0 = Release|iPhoneSimulator
		{F51F4092-D5F7-4B98-9508-F566430A0809}.Release|iPhoneSimulator.Deploy.0 = Release|iPhoneSimulator
		{8BDA8E13-B42B-4C62-A555-3A0BF99CE94C}.Ad-Hoc|Any CPU.ActiveCfg = Debug|Any CPU
		{8BDA8E13-B42B-4C62-A555-3A0BF99CE94C}.Ad-Hoc|Any CPU.Build.0 = Debug|Any CPU
		{8BDA8E13-B42B-4C62-A555-3A0BF99CE94C}.Ad-Hoc|Any CPU.Deploy.0 = Debug|Any CPU
		{8BDA8E13-B42B-4C62-A555-3A0BF99CE94C}.Ad-Hoc|iPhone.ActiveCfg = Debug|Any CPU
		{8BDA8E13-B42B-4C62-A555-3A0BF99CE94C}.Ad-Hoc|iPhone.Build.0 = Debug|Any CPU
		{8BDA8E13-B42B-4C62-A555-3A0BF99CE94C}.Ad-Hoc|iPhone.Deploy.0 = Debug|Any CPU
		{8BDA8E13-B42B-4C62-A555-3A0BF99CE94C}.Ad-Hoc|iPhoneSimulator.ActiveCfg = Debug|Any CPU
		{8BDA8E13-B42B-4C62-A555-3A0BF99CE94C}.Ad-Hoc|iPhoneSimulator.Build.0 = Debug|Any CPU
		{8BDA8E13-B42B-4C62-A555-3A0BF99CE94C}.Ad-Hoc|iPhoneSimulator.Deploy.0 = Debug|Any CPU
		{8BDA8E13-B42B-4C62-A555-3A0BF99CE94C}.AppStore|Any CPU.ActiveCfg = Debug|Any CPU
		{8BDA8E13-B42B-4C62-A555-3A0BF99CE94C}.AppStore|Any CPU.Build.0 = Debug|Any CPU
		{8BDA8E13-B42B-4C62-A555-3A0BF99CE94C}.AppStore|Any CPU.Deploy.0 = Debug|Any CPU
		{8BDA8E13-B42B-4C62-A555-3A0BF99CE94C}.AppStore|iPhone.ActiveCfg = Debug|Any CPU
		{8BDA8E13-B42B-4C62-A555-3A0BF99CE94C}.AppStore|iPhone.Build.0 = Debug|Any CPU
		{8BDA8E13-B42B-4C62-A555-3A0BF99CE94C}.AppStore|iPhone.Deploy.0 = Debug|Any CPU
		{8BDA8E13-B42B-4C62-A555-3A0BF99CE94C}.AppStore|iPhoneSimulator.ActiveCfg = Debug|Any CPU
		{8BDA8E13-B42B-4C62-A555-3A0BF99CE94C}.AppStore|iPhoneSimulator.Build.0 = Debug|Any CPU
		{8BDA8E13-B42B-4C62-A555-3A0BF99CE94C}.AppStore|iPhoneSimulator.Deploy.0 = Debug|Any CPU
		{8BDA8E13-B42B-4C62-A555-3A0BF99CE94C}.Debug|Any CPU.ActiveCfg = Debug|Any CPU
		{8BDA8E13-B42B-4C62-A555-3A0BF99CE94C}.Debug|Any CPU.Build.0 = Debug|Any CPU
		{8BDA8E13-B42B-4C62-A555-3A0BF99CE94C}.Debug|Any CPU.Deploy.0 = Debug|Any CPU
		{8BDA8E13-B42B-4C62-A555-3A0BF99CE94C}.Debug|iPhone.ActiveCfg = Debug|Any CPU
		{8BDA8E13-B42B-4C62-A555-3A0BF99CE94C}.Debug|iPhone.Build.0 = Debug|Any CPU
		{8BDA8E13-B42B-4C62-A555-3A0BF99CE94C}.Debug|iPhone.Deploy.0 = Debug|Any CPU
		{8BDA8E13-B42B-4C62-A555-3A0BF99CE94C}.Debug|iPhoneSimulator.ActiveCfg = Debug|Any CPU
		{8BDA8E13-B42B-4C62-A555-3A0BF99CE94C}.Debug|iPhoneSimulator.Build.0 = Debug|Any CPU
		{8BDA8E13-B42B-4C62-A555-3A0BF99CE94C}.Debug|iPhoneSimulator.Deploy.0 = Debug|Any CPU
		{8BDA8E13-B42B-4C62-A555-3A0BF99CE94C}.Release|Any CPU.ActiveCfg = Release|Any CPU
		{8BDA8E13-B42B-4C62-A555-3A0BF99CE94C}.Release|Any CPU.Build.0 = Release|Any CPU
		{8BDA8E13-B42B-4C62-A555-3A0BF99CE94C}.Release|Any CPU.Deploy.0 = Release|Any CPU
		{8BDA8E13-B42B-4C62-A555-3A0BF99CE94C}.Release|iPhone.ActiveCfg = Release|Any CPU
		{8BDA8E13-B42B-4C62-A555-3A0BF99CE94C}.Release|iPhone.Build.0 = Release|Any CPU
		{8BDA8E13-B42B-4C62-A555-3A0BF99CE94C}.Release|iPhone.Deploy.0 = Release|Any CPU
		{8BDA8E13-B42B-4C62-A555-3A0BF99CE94C}.Release|iPhoneSimulator.ActiveCfg = Release|Any CPU
		{8BDA8E13-B42B-4C62-A555-3A0BF99CE94C}.Release|iPhoneSimulator.Build.0 = Release|Any CPU
		{8BDA8E13-B42B-4C62-A555-3A0BF99CE94C}.Release|iPhoneSimulator.Deploy.0 = Release|Any CPU
		{E666EC24-9A66-4951-BAE9-1D754F8F6EE1}.Ad-Hoc|Any CPU.ActiveCfg = Release|Any CPU
		{E666EC24-9A66-4951-BAE9-1D754F8F6EE1}.Ad-Hoc|Any CPU.Build.0 = Release|Any CPU
		{E666EC24-9A66-4951-BAE9-1D754F8F6EE1}.Ad-Hoc|Any CPU.Deploy.0 = Release|Any CPU
		{E666EC24-9A66-4951-BAE9-1D754F8F6EE1}.Ad-Hoc|iPhone.ActiveCfg = Release|Any CPU
		{E666EC24-9A66-4951-BAE9-1D754F8F6EE1}.Ad-Hoc|iPhone.Build.0 = Release|Any CPU
		{E666EC24-9A66-4951-BAE9-1D754F8F6EE1}.Ad-Hoc|iPhone.Deploy.0 = Release|Any CPU
		{E666EC24-9A66-4951-BAE9-1D754F8F6EE1}.Ad-Hoc|iPhoneSimulator.ActiveCfg = Release|Any CPU
		{E666EC24-9A66-4951-BAE9-1D754F8F6EE1}.Ad-Hoc|iPhoneSimulator.Build.0 = Release|Any CPU
		{E666EC24-9A66-4951-BAE9-1D754F8F6EE1}.Ad-Hoc|iPhoneSimulator.Deploy.0 = Release|Any CPU
		{E666EC24-9A66-4951-BAE9-1D754F8F6EE1}.AppStore|Any CPU.ActiveCfg = Release|Any CPU
		{E666EC24-9A66-4951-BAE9-1D754F8F6EE1}.AppStore|Any CPU.Build.0 = Release|Any CPU
		{E666EC24-9A66-4951-BAE9-1D754F8F6EE1}.AppStore|Any CPU.Deploy.0 = Release|Any CPU
		{E666EC24-9A66-4951-BAE9-1D754F8F6EE1}.AppStore|iPhone.ActiveCfg = Release|Any CPU
		{E666EC24-9A66-4951-BAE9-1D754F8F6EE1}.AppStore|iPhone.Build.0 = Release|Any CPU
		{E666EC24-9A66-4951-BAE9-1D754F8F6EE1}.AppStore|iPhone.Deploy.0 = Release|Any CPU
		{E666EC24-9A66-4951-BAE9-1D754F8F6EE1}.AppStore|iPhoneSimulator.ActiveCfg = Release|Any CPU
		{E666EC24-9A66-4951-BAE9-1D754F8F6EE1}.AppStore|iPhoneSimulator.Build.0 = Release|Any CPU
		{E666EC24-9A66-4951-BAE9-1D754F8F6EE1}.AppStore|iPhoneSimulator.Deploy.0 = Release|Any CPU
		{E666EC24-9A66-4951-BAE9-1D754F8F6EE1}.Debug|Any CPU.ActiveCfg = Debug|Any CPU
		{E666EC24-9A66-4951-BAE9-1D754F8F6EE1}.Debug|Any CPU.Build.0 = Debug|Any CPU
		{E666EC24-9A66-4951-BAE9-1D754F8F6EE1}.Debug|Any CPU.Deploy.0 = Debug|Any CPU
		{E666EC24-9A66-4951-BAE9-1D754F8F6EE1}.Debug|iPhone.ActiveCfg = Debug|Any CPU
		{E666EC24-9A66-4951-BAE9-1D754F8F6EE1}.Debug|iPhone.Build.0 = Debug|Any CPU
		{E666EC24-9A66-4951-BAE9-1D754F8F6EE1}.Debug|iPhone.Deploy.0 = Debug|Any CPU
		{E666EC24-9A66-4951-BAE9-1D754F8F6EE1}.Debug|iPhoneSimulator.ActiveCfg = Debug|Any CPU
		{E666EC24-9A66-4951-BAE9-1D754F8F6EE1}.Debug|iPhoneSimulator.Build.0 = Debug|Any CPU
		{E666EC24-9A66-4951-BAE9-1D754F8F6EE1}.Debug|iPhoneSimulator.Deploy.0 = Debug|Any CPU
		{E666EC24-9A66-4951-BAE9-1D754F8F6EE1}.Release|Any CPU.ActiveCfg = Release|Any CPU
		{E666EC24-9A66-4951-BAE9-1D754F8F6EE1}.Release|Any CPU.Build.0 = Release|Any CPU
		{E666EC24-9A66-4951-BAE9-1D754F8F6EE1}.Release|Any CPU.Deploy.0 = Release|Any CPU
		{E666EC24-9A66-4951-BAE9-1D754F8F6EE1}.Release|iPhone.ActiveCfg = Release|Any CPU
		{E666EC24-9A66-4951-BAE9-1D754F8F6EE1}.Release|iPhone.Build.0 = Release|Any CPU
		{E666EC24-9A66-4951-BAE9-1D754F8F6EE1}.Release|iPhone.Deploy.0 = Release|Any CPU
		{E666EC24-9A66-4951-BAE9-1D754F8F6EE1}.Release|iPhoneSimulator.ActiveCfg = Release|Any CPU
		{E666EC24-9A66-4951-BAE9-1D754F8F6EE1}.Release|iPhoneSimulator.Build.0 = Release|Any CPU
		{E666EC24-9A66-4951-BAE9-1D754F8F6EE1}.Release|iPhoneSimulator.Deploy.0 = Release|Any CPU
		{4CD8E1DA-96E5-4B9B-8827-1B928A9871B2}.Ad-Hoc|Any CPU.ActiveCfg = Ad-Hoc|iPhone
		{4CD8E1DA-96E5-4B9B-8827-1B928A9871B2}.Ad-Hoc|iPhone.ActiveCfg = Ad-Hoc|iPhone
		{4CD8E1DA-96E5-4B9B-8827-1B928A9871B2}.Ad-Hoc|iPhone.Build.0 = Ad-Hoc|iPhone
		{4CD8E1DA-96E5-4B9B-8827-1B928A9871B2}.Ad-Hoc|iPhoneSimulator.ActiveCfg = Ad-Hoc|iPhoneSimulator
		{4CD8E1DA-96E5-4B9B-8827-1B928A9871B2}.Ad-Hoc|iPhoneSimulator.Build.0 = Ad-Hoc|iPhoneSimulator
		{4CD8E1DA-96E5-4B9B-8827-1B928A9871B2}.AppStore|Any CPU.ActiveCfg = AppStore|iPhone
		{4CD8E1DA-96E5-4B9B-8827-1B928A9871B2}.AppStore|iPhone.ActiveCfg = AppStore|iPhone
		{4CD8E1DA-96E5-4B9B-8827-1B928A9871B2}.AppStore|iPhone.Build.0 = AppStore|iPhone
		{4CD8E1DA-96E5-4B9B-8827-1B928A9871B2}.AppStore|iPhoneSimulator.ActiveCfg = AppStore|iPhoneSimulator
		{4CD8E1DA-96E5-4B9B-8827-1B928A9871B2}.AppStore|iPhoneSimulator.Build.0 = AppStore|iPhoneSimulator
		{4CD8E1DA-96E5-4B9B-8827-1B928A9871B2}.Debug|Any CPU.ActiveCfg = Debug|iPhone
		{4CD8E1DA-96E5-4B9B-8827-1B928A9871B2}.Debug|iPhone.ActiveCfg = Debug|iPhone
		{4CD8E1DA-96E5-4B9B-8827-1B928A9871B2}.Debug|iPhone.Build.0 = Debug|iPhone
		{4CD8E1DA-96E5-4B9B-8827-1B928A9871B2}.Debug|iPhoneSimulator.ActiveCfg = Debug|iPhoneSimulator
		{4CD8E1DA-96E5-4B9B-8827-1B928A9871B2}.Debug|iPhoneSimulator.Build.0 = Debug|iPhoneSimulator
		{4CD8E1DA-96E5-4B9B-8827-1B928A9871B2}.Release|Any CPU.ActiveCfg = Release|iPhone
		{4CD8E1DA-96E5-4B9B-8827-1B928A9871B2}.Release|iPhone.ActiveCfg = Release|iPhone
		{4CD8E1DA-96E5-4B9B-8827-1B928A9871B2}.Release|iPhone.Build.0 = Release|iPhone
		{4CD8E1DA-96E5-4B9B-8827-1B928A9871B2}.Release|iPhoneSimulator.ActiveCfg = Release|iPhoneSimulator
		{4CD8E1DA-96E5-4B9B-8827-1B928A9871B2}.Release|iPhoneSimulator.Build.0 = Release|iPhoneSimulator
		{664A95BC-5BE9-4C25-B2A6-36733002593A}.Ad-Hoc|Any CPU.ActiveCfg = Debug|Any CPU
		{664A95BC-5BE9-4C25-B2A6-36733002593A}.Ad-Hoc|Any CPU.Build.0 = Debug|Any CPU
		{664A95BC-5BE9-4C25-B2A6-36733002593A}.Ad-Hoc|iPhone.ActiveCfg = Debug|Any CPU
		{664A95BC-5BE9-4C25-B2A6-36733002593A}.Ad-Hoc|iPhone.Build.0 = Debug|Any CPU
		{664A95BC-5BE9-4C25-B2A6-36733002593A}.Ad-Hoc|iPhoneSimulator.ActiveCfg = Debug|Any CPU
		{664A95BC-5BE9-4C25-B2A6-36733002593A}.Ad-Hoc|iPhoneSimulator.Build.0 = Debug|Any CPU
		{664A95BC-5BE9-4C25-B2A6-36733002593A}.AppStore|Any CPU.ActiveCfg = Debug|Any CPU
		{664A95BC-5BE9-4C25-B2A6-36733002593A}.AppStore|Any CPU.Build.0 = Debug|Any CPU
		{664A95BC-5BE9-4C25-B2A6-36733002593A}.AppStore|iPhone.ActiveCfg = Debug|Any CPU
		{664A95BC-5BE9-4C25-B2A6-36733002593A}.AppStore|iPhone.Build.0 = Debug|Any CPU
		{664A95BC-5BE9-4C25-B2A6-36733002593A}.AppStore|iPhoneSimulator.ActiveCfg = Debug|Any CPU
		{664A95BC-5BE9-4C25-B2A6-36733002593A}.AppStore|iPhoneSimulator.Build.0 = Debug|Any CPU
		{664A95BC-5BE9-4C25-B2A6-36733002593A}.Debug|Any CPU.ActiveCfg = Debug|Any CPU
		{664A95BC-5BE9-4C25-B2A6-36733002593A}.Debug|Any CPU.Build.0 = Debug|Any CPU
		{664A95BC-5BE9-4C25-B2A6-36733002593A}.Debug|iPhone.ActiveCfg = Debug|Any CPU
		{664A95BC-5BE9-4C25-B2A6-36733002593A}.Debug|iPhone.Build.0 = Debug|Any CPU
		{664A95BC-5BE9-4C25-B2A6-36733002593A}.Debug|iPhoneSimulator.ActiveCfg = Debug|Any CPU
		{664A95BC-5BE9-4C25-B2A6-36733002593A}.Debug|iPhoneSimulator.Build.0 = Debug|Any CPU
		{664A95BC-5BE9-4C25-B2A6-36733002593A}.Release|Any CPU.ActiveCfg = Release|Any CPU
		{664A95BC-5BE9-4C25-B2A6-36733002593A}.Release|Any CPU.Build.0 = Release|Any CPU
		{664A95BC-5BE9-4C25-B2A6-36733002593A}.Release|iPhone.ActiveCfg = Release|Any CPU
		{664A95BC-5BE9-4C25-B2A6-36733002593A}.Release|iPhone.Build.0 = Release|Any CPU
		{664A95BC-5BE9-4C25-B2A6-36733002593A}.Release|iPhoneSimulator.ActiveCfg = Release|Any CPU
		{664A95BC-5BE9-4C25-B2A6-36733002593A}.Release|iPhoneSimulator.Build.0 = Release|Any CPU
		{212153AD-304C-43C1-B693-A024879ACD8A}.Ad-Hoc|Any CPU.ActiveCfg = Release|Any CPU
		{212153AD-304C-43C1-B693-A024879ACD8A}.Ad-Hoc|Any CPU.Build.0 = Release|Any CPU
		{212153AD-304C-43C1-B693-A024879ACD8A}.Ad-Hoc|Any CPU.Deploy.0 = Release|Any CPU
		{212153AD-304C-43C1-B693-A024879ACD8A}.Ad-Hoc|iPhone.ActiveCfg = Release|Any CPU
		{212153AD-304C-43C1-B693-A024879ACD8A}.Ad-Hoc|iPhone.Build.0 = Release|Any CPU
		{212153AD-304C-43C1-B693-A024879ACD8A}.Ad-Hoc|iPhone.Deploy.0 = Release|Any CPU
		{212153AD-304C-43C1-B693-A024879ACD8A}.Ad-Hoc|iPhoneSimulator.ActiveCfg = Release|Any CPU
		{212153AD-304C-43C1-B693-A024879ACD8A}.Ad-Hoc|iPhoneSimulator.Build.0 = Release|Any CPU
		{212153AD-304C-43C1-B693-A024879ACD8A}.Ad-Hoc|iPhoneSimulator.Deploy.0 = Release|Any CPU
		{212153AD-304C-43C1-B693-A024879ACD8A}.AppStore|Any CPU.ActiveCfg = Release|Any CPU
		{212153AD-304C-43C1-B693-A024879ACD8A}.AppStore|Any CPU.Build.0 = Release|Any CPU
		{212153AD-304C-43C1-B693-A024879ACD8A}.AppStore|Any CPU.Deploy.0 = Release|Any CPU
		{212153AD-304C-43C1-B693-A024879ACD8A}.AppStore|iPhone.ActiveCfg = Release|Any CPU
		{212153AD-304C-43C1-B693-A024879ACD8A}.AppStore|iPhone.Build.0 = Release|Any CPU
		{212153AD-304C-43C1-B693-A024879ACD8A}.AppStore|iPhone.Deploy.0 = Release|Any CPU
		{212153AD-304C-43C1-B693-A024879ACD8A}.AppStore|iPhoneSimulator.ActiveCfg = Release|Any CPU
		{212153AD-304C-43C1-B693-A024879ACD8A}.AppStore|iPhoneSimulator.Build.0 = Release|Any CPU
		{212153AD-304C-43C1-B693-A024879ACD8A}.AppStore|iPhoneSimulator.Deploy.0 = Release|Any CPU
		{212153AD-304C-43C1-B693-A024879ACD8A}.Debug|Any CPU.ActiveCfg = Debug|Any CPU
		{212153AD-304C-43C1-B693-A024879ACD8A}.Debug|Any CPU.Build.0 = Debug|Any CPU
		{212153AD-304C-43C1-B693-A024879ACD8A}.Debug|Any CPU.Deploy.0 = Debug|Any CPU
		{212153AD-304C-43C1-B693-A024879ACD8A}.Debug|iPhone.ActiveCfg = Debug|Any CPU
		{212153AD-304C-43C1-B693-A024879ACD8A}.Debug|iPhone.Build.0 = Debug|Any CPU
		{212153AD-304C-43C1-B693-A024879ACD8A}.Debug|iPhone.Deploy.0 = Debug|Any CPU
		{212153AD-304C-43C1-B693-A024879ACD8A}.Debug|iPhoneSimulator.ActiveCfg = Debug|Any CPU
		{212153AD-304C-43C1-B693-A024879ACD8A}.Debug|iPhoneSimulator.Build.0 = Debug|Any CPU
		{212153AD-304C-43C1-B693-A024879ACD8A}.Debug|iPhoneSimulator.Deploy.0 = Debug|Any CPU
		{212153AD-304C-43C1-B693-A024879ACD8A}.Release|Any CPU.ActiveCfg = Release|Any CPU
		{212153AD-304C-43C1-B693-A024879ACD8A}.Release|Any CPU.Build.0 = Release|Any CPU
		{212153AD-304C-43C1-B693-A024879ACD8A}.Release|Any CPU.Deploy.0 = Release|Any CPU
		{212153AD-304C-43C1-B693-A024879ACD8A}.Release|iPhone.ActiveCfg = Release|Any CPU
		{212153AD-304C-43C1-B693-A024879ACD8A}.Release|iPhone.Build.0 = Release|Any CPU
		{212153AD-304C-43C1-B693-A024879ACD8A}.Release|iPhone.Deploy.0 = Release|Any CPU
		{212153AD-304C-43C1-B693-A024879ACD8A}.Release|iPhoneSimulator.ActiveCfg = Release|Any CPU
		{212153AD-304C-43C1-B693-A024879ACD8A}.Release|iPhoneSimulator.Build.0 = Release|Any CPU
		{212153AD-304C-43C1-B693-A024879ACD8A}.Release|iPhoneSimulator.Deploy.0 = Release|Any CPU
		{61CF9185-C1C7-4035-AD0D-9EEB8F3BFFDD}.Ad-Hoc|Any CPU.ActiveCfg = Ad-Hoc|iPhone
		{61CF9185-C1C7-4035-AD0D-9EEB8F3BFFDD}.Ad-Hoc|iPhone.ActiveCfg = Ad-Hoc|iPhone
		{61CF9185-C1C7-4035-AD0D-9EEB8F3BFFDD}.Ad-Hoc|iPhone.Build.0 = Ad-Hoc|iPhone
		{61CF9185-C1C7-4035-AD0D-9EEB8F3BFFDD}.Ad-Hoc|iPhoneSimulator.ActiveCfg = Ad-Hoc|iPhoneSimulator
		{61CF9185-C1C7-4035-AD0D-9EEB8F3BFFDD}.Ad-Hoc|iPhoneSimulator.Build.0 = Ad-Hoc|iPhoneSimulator
		{61CF9185-C1C7-4035-AD0D-9EEB8F3BFFDD}.AppStore|Any CPU.ActiveCfg = AppStore|iPhone
		{61CF9185-C1C7-4035-AD0D-9EEB8F3BFFDD}.AppStore|iPhone.ActiveCfg = AppStore|iPhone
		{61CF9185-C1C7-4035-AD0D-9EEB8F3BFFDD}.AppStore|iPhone.Build.0 = AppStore|iPhone
		{61CF9185-C1C7-4035-AD0D-9EEB8F3BFFDD}.AppStore|iPhoneSimulator.ActiveCfg = AppStore|iPhoneSimulator
		{61CF9185-C1C7-4035-AD0D-9EEB8F3BFFDD}.AppStore|iPhoneSimulator.Build.0 = AppStore|iPhoneSimulator
		{61CF9185-C1C7-4035-AD0D-9EEB8F3BFFDD}.Debug|Any CPU.ActiveCfg = Debug|iPhone
		{61CF9185-C1C7-4035-AD0D-9EEB8F3BFFDD}.Debug|iPhone.ActiveCfg = Debug|iPhone
		{61CF9185-C1C7-4035-AD0D-9EEB8F3BFFDD}.Debug|iPhone.Build.0 = Debug|iPhone
		{61CF9185-C1C7-4035-AD0D-9EEB8F3BFFDD}.Debug|iPhoneSimulator.ActiveCfg = Debug|iPhoneSimulator
		{61CF9185-C1C7-4035-AD0D-9EEB8F3BFFDD}.Debug|iPhoneSimulator.Build.0 = Debug|iPhoneSimulator
		{61CF9185-C1C7-4035-AD0D-9EEB8F3BFFDD}.Release|Any CPU.ActiveCfg = Release|iPhone
		{61CF9185-C1C7-4035-AD0D-9EEB8F3BFFDD}.Release|iPhone.ActiveCfg = Release|iPhone
		{61CF9185-C1C7-4035-AD0D-9EEB8F3BFFDD}.Release|iPhone.Build.0 = Release|iPhone
		{61CF9185-C1C7-4035-AD0D-9EEB8F3BFFDD}.Release|iPhoneSimulator.ActiveCfg = Release|iPhoneSimulator
		{61CF9185-C1C7-4035-AD0D-9EEB8F3BFFDD}.Release|iPhoneSimulator.Build.0 = Release|iPhoneSimulator
		{174189A5-6B07-4F60-980C-88358FE0925D}.Ad-Hoc|Any CPU.ActiveCfg = Debug|Any CPU
		{174189A5-6B07-4F60-980C-88358FE0925D}.Ad-Hoc|Any CPU.Build.0 = Debug|Any CPU
		{174189A5-6B07-4F60-980C-88358FE0925D}.Ad-Hoc|iPhone.ActiveCfg = Debug|Any CPU
		{174189A5-6B07-4F60-980C-88358FE0925D}.Ad-Hoc|iPhone.Build.0 = Debug|Any CPU
		{174189A5-6B07-4F60-980C-88358FE0925D}.Ad-Hoc|iPhoneSimulator.ActiveCfg = Debug|Any CPU
		{174189A5-6B07-4F60-980C-88358FE0925D}.Ad-Hoc|iPhoneSimulator.Build.0 = Debug|Any CPU
		{174189A5-6B07-4F60-980C-88358FE0925D}.AppStore|Any CPU.ActiveCfg = Debug|Any CPU
		{174189A5-6B07-4F60-980C-88358FE0925D}.AppStore|Any CPU.Build.0 = Debug|Any CPU
		{174189A5-6B07-4F60-980C-88358FE0925D}.AppStore|iPhone.ActiveCfg = Debug|Any CPU
		{174189A5-6B07-4F60-980C-88358FE0925D}.AppStore|iPhone.Build.0 = Debug|Any CPU
		{174189A5-6B07-4F60-980C-88358FE0925D}.AppStore|iPhoneSimulator.ActiveCfg = Debug|Any CPU
		{174189A5-6B07-4F60-980C-88358FE0925D}.AppStore|iPhoneSimulator.Build.0 = Debug|Any CPU
		{174189A5-6B07-4F60-980C-88358FE0925D}.Debug|Any CPU.ActiveCfg = Debug|Any CPU
		{174189A5-6B07-4F60-980C-88358FE0925D}.Debug|Any CPU.Build.0 = Debug|Any CPU
		{174189A5-6B07-4F60-980C-88358FE0925D}.Debug|iPhone.ActiveCfg = Debug|Any CPU
		{174189A5-6B07-4F60-980C-88358FE0925D}.Debug|iPhone.Build.0 = Debug|Any CPU
		{174189A5-6B07-4F60-980C-88358FE0925D}.Debug|iPhoneSimulator.ActiveCfg = Debug|Any CPU
		{174189A5-6B07-4F60-980C-88358FE0925D}.Debug|iPhoneSimulator.Build.0 = Debug|Any CPU
		{174189A5-6B07-4F60-980C-88358FE0925D}.Release|Any CPU.ActiveCfg = Release|Any CPU
		{174189A5-6B07-4F60-980C-88358FE0925D}.Release|Any CPU.Build.0 = Release|Any CPU
		{174189A5-6B07-4F60-980C-88358FE0925D}.Release|iPhone.ActiveCfg = Release|Any CPU
		{174189A5-6B07-4F60-980C-88358FE0925D}.Release|iPhone.Build.0 = Release|Any CPU
		{174189A5-6B07-4F60-980C-88358FE0925D}.Release|iPhoneSimulator.ActiveCfg = Release|Any CPU
		{174189A5-6B07-4F60-980C-88358FE0925D}.Release|iPhoneSimulator.Build.0 = Release|Any CPU
		{4D07FE28-15E9-4AAB-8C90-2E81268D4FB8}.Ad-Hoc|Any CPU.ActiveCfg = Release|Any CPU
		{4D07FE28-15E9-4AAB-8C90-2E81268D4FB8}.Ad-Hoc|Any CPU.Build.0 = Release|Any CPU
		{4D07FE28-15E9-4AAB-8C90-2E81268D4FB8}.Ad-Hoc|Any CPU.Deploy.0 = Release|Any CPU
		{4D07FE28-15E9-4AAB-8C90-2E81268D4FB8}.Ad-Hoc|iPhone.ActiveCfg = Release|Any CPU
		{4D07FE28-15E9-4AAB-8C90-2E81268D4FB8}.Ad-Hoc|iPhone.Build.0 = Release|Any CPU
		{4D07FE28-15E9-4AAB-8C90-2E81268D4FB8}.Ad-Hoc|iPhone.Deploy.0 = Release|Any CPU
		{4D07FE28-15E9-4AAB-8C90-2E81268D4FB8}.Ad-Hoc|iPhoneSimulator.ActiveCfg = Release|Any CPU
		{4D07FE28-15E9-4AAB-8C90-2E81268D4FB8}.Ad-Hoc|iPhoneSimulator.Build.0 = Release|Any CPU
		{4D07FE28-15E9-4AAB-8C90-2E81268D4FB8}.Ad-Hoc|iPhoneSimulator.Deploy.0 = Release|Any CPU
		{4D07FE28-15E9-4AAB-8C90-2E81268D4FB8}.AppStore|Any CPU.ActiveCfg = Release|Any CPU
		{4D07FE28-15E9-4AAB-8C90-2E81268D4FB8}.AppStore|Any CPU.Build.0 = Release|Any CPU
		{4D07FE28-15E9-4AAB-8C90-2E81268D4FB8}.AppStore|Any CPU.Deploy.0 = Release|Any CPU
		{4D07FE28-15E9-4AAB-8C90-2E81268D4FB8}.AppStore|iPhone.ActiveCfg = Release|Any CPU
		{4D07FE28-15E9-4AAB-8C90-2E81268D4FB8}.AppStore|iPhone.Build.0 = Release|Any CPU
		{4D07FE28-15E9-4AAB-8C90-2E81268D4FB8}.AppStore|iPhone.Deploy.0 = Release|Any CPU
		{4D07FE28-15E9-4AAB-8C90-2E81268D4FB8}.AppStore|iPhoneSimulator.ActiveCfg = Release|Any CPU
		{4D07FE28-15E9-4AAB-8C90-2E81268D4FB8}.AppStore|iPhoneSimulator.Build.0 = Release|Any CPU
		{4D07FE28-15E9-4AAB-8C90-2E81268D4FB8}.AppStore|iPhoneSimulator.Deploy.0 = Release|Any CPU
		{4D07FE28-15E9-4AAB-8C90-2E81268D4FB8}.Debug|Any CPU.ActiveCfg = Debug|Any CPU
		{4D07FE28-15E9-4AAB-8C90-2E81268D4FB8}.Debug|Any CPU.Build.0 = Debug|Any CPU
		{4D07FE28-15E9-4AAB-8C90-2E81268D4FB8}.Debug|Any CPU.Deploy.0 = Debug|Any CPU
		{4D07FE28-15E9-4AAB-8C90-2E81268D4FB8}.Debug|iPhone.ActiveCfg = Debug|Any CPU
		{4D07FE28-15E9-4AAB-8C90-2E81268D4FB8}.Debug|iPhone.Build.0 = Debug|Any CPU
		{4D07FE28-15E9-4AAB-8C90-2E81268D4FB8}.Debug|iPhone.Deploy.0 = Debug|Any CPU
		{4D07FE28-15E9-4AAB-8C90-2E81268D4FB8}.Debug|iPhoneSimulator.ActiveCfg = Debug|Any CPU
		{4D07FE28-15E9-4AAB-8C90-2E81268D4FB8}.Debug|iPhoneSimulator.Build.0 = Debug|Any CPU
		{4D07FE28-15E9-4AAB-8C90-2E81268D4FB8}.Debug|iPhoneSimulator.Deploy.0 = Debug|Any CPU
		{4D07FE28-15E9-4AAB-8C90-2E81268D4FB8}.Release|Any CPU.ActiveCfg = Release|Any CPU
		{4D07FE28-15E9-4AAB-8C90-2E81268D4FB8}.Release|Any CPU.Build.0 = Release|Any CPU
		{4D07FE28-15E9-4AAB-8C90-2E81268D4FB8}.Release|Any CPU.Deploy.0 = Release|Any CPU
		{4D07FE28-15E9-4AAB-8C90-2E81268D4FB8}.Release|iPhone.ActiveCfg = Release|Any CPU
		{4D07FE28-15E9-4AAB-8C90-2E81268D4FB8}.Release|iPhone.Build.0 = Release|Any CPU
		{4D07FE28-15E9-4AAB-8C90-2E81268D4FB8}.Release|iPhone.Deploy.0 = Release|Any CPU
		{4D07FE28-15E9-4AAB-8C90-2E81268D4FB8}.Release|iPhoneSimulator.ActiveCfg = Release|Any CPU
		{4D07FE28-15E9-4AAB-8C90-2E81268D4FB8}.Release|iPhoneSimulator.Build.0 = Release|Any CPU
		{4D07FE28-15E9-4AAB-8C90-2E81268D4FB8}.Release|iPhoneSimulator.Deploy.0 = Release|Any CPU
		{CA319D68-50D6-412A-BFCE-D5C29F575EFA}.Ad-Hoc|Any CPU.ActiveCfg = Ad-Hoc|iPhone
		{CA319D68-50D6-412A-BFCE-D5C29F575EFA}.Ad-Hoc|iPhone.ActiveCfg = Ad-Hoc|iPhone
		{CA319D68-50D6-412A-BFCE-D5C29F575EFA}.Ad-Hoc|iPhone.Build.0 = Ad-Hoc|iPhone
		{CA319D68-50D6-412A-BFCE-D5C29F575EFA}.Ad-Hoc|iPhoneSimulator.ActiveCfg = Ad-Hoc|iPhoneSimulator
		{CA319D68-50D6-412A-BFCE-D5C29F575EFA}.Ad-Hoc|iPhoneSimulator.Build.0 = Ad-Hoc|iPhoneSimulator
		{CA319D68-50D6-412A-BFCE-D5C29F575EFA}.AppStore|Any CPU.ActiveCfg = AppStore|iPhone
		{CA319D68-50D6-412A-BFCE-D5C29F575EFA}.AppStore|iPhone.ActiveCfg = AppStore|iPhone
		{CA319D68-50D6-412A-BFCE-D5C29F575EFA}.AppStore|iPhone.Build.0 = AppStore|iPhone
		{CA319D68-50D6-412A-BFCE-D5C29F575EFA}.AppStore|iPhoneSimulator.ActiveCfg = AppStore|iPhoneSimulator
		{CA319D68-50D6-412A-BFCE-D5C29F575EFA}.AppStore|iPhoneSimulator.Build.0 = AppStore|iPhoneSimulator
		{CA319D68-50D6-412A-BFCE-D5C29F575EFA}.Debug|Any CPU.ActiveCfg = Debug|iPhone
		{CA319D68-50D6-412A-BFCE-D5C29F575EFA}.Debug|iPhone.ActiveCfg = Debug|iPhone
		{CA319D68-50D6-412A-BFCE-D5C29F575EFA}.Debug|iPhone.Build.0 = Debug|iPhone
		{CA319D68-50D6-412A-BFCE-D5C29F575EFA}.Debug|iPhoneSimulator.ActiveCfg = Debug|iPhoneSimulator
		{CA319D68-50D6-412A-BFCE-D5C29F575EFA}.Debug|iPhoneSimulator.Build.0 = Debug|iPhoneSimulator
		{CA319D68-50D6-412A-BFCE-D5C29F575EFA}.Release|Any CPU.ActiveCfg = Release|iPhone
		{CA319D68-50D6-412A-BFCE-D5C29F575EFA}.Release|iPhone.ActiveCfg = Release|iPhone
		{CA319D68-50D6-412A-BFCE-D5C29F575EFA}.Release|iPhone.Build.0 = Release|iPhone
		{CA319D68-50D6-412A-BFCE-D5C29F575EFA}.Release|iPhoneSimulator.ActiveCfg = Release|iPhoneSimulator
		{CA319D68-50D6-412A-BFCE-D5C29F575EFA}.Release|iPhoneSimulator.Build.0 = Release|iPhoneSimulator
		{FED90240-8FD1-495F-89B1-C0CC3C7CE6C1}.Ad-Hoc|Any CPU.ActiveCfg = Debug|Any CPU
		{FED90240-8FD1-495F-89B1-C0CC3C7CE6C1}.Ad-Hoc|Any CPU.Build.0 = Debug|Any CPU
		{FED90240-8FD1-495F-89B1-C0CC3C7CE6C1}.Ad-Hoc|iPhone.ActiveCfg = Debug|Any CPU
		{FED90240-8FD1-495F-89B1-C0CC3C7CE6C1}.Ad-Hoc|iPhone.Build.0 = Debug|Any CPU
		{FED90240-8FD1-495F-89B1-C0CC3C7CE6C1}.Ad-Hoc|iPhoneSimulator.ActiveCfg = Debug|Any CPU
		{FED90240-8FD1-495F-89B1-C0CC3C7CE6C1}.Ad-Hoc|iPhoneSimulator.Build.0 = Debug|Any CPU
		{FED90240-8FD1-495F-89B1-C0CC3C7CE6C1}.AppStore|Any CPU.ActiveCfg = Debug|Any CPU
		{FED90240-8FD1-495F-89B1-C0CC3C7CE6C1}.AppStore|Any CPU.Build.0 = Debug|Any CPU
		{FED90240-8FD1-495F-89B1-C0CC3C7CE6C1}.AppStore|iPhone.ActiveCfg = Debug|Any CPU
		{FED90240-8FD1-495F-89B1-C0CC3C7CE6C1}.AppStore|iPhone.Build.0 = Debug|Any CPU
		{FED90240-8FD1-495F-89B1-C0CC3C7CE6C1}.AppStore|iPhoneSimulator.ActiveCfg = Debug|Any CPU
		{FED90240-8FD1-495F-89B1-C0CC3C7CE6C1}.AppStore|iPhoneSimulator.Build.0 = Debug|Any CPU
		{FED90240-8FD1-495F-89B1-C0CC3C7CE6C1}.Debug|Any CPU.ActiveCfg = Debug|Any CPU
		{FED90240-8FD1-495F-89B1-C0CC3C7CE6C1}.Debug|Any CPU.Build.0 = Debug|Any CPU
		{FED90240-8FD1-495F-89B1-C0CC3C7CE6C1}.Debug|iPhone.ActiveCfg = Debug|Any CPU
		{FED90240-8FD1-495F-89B1-C0CC3C7CE6C1}.Debug|iPhone.Build.0 = Debug|Any CPU
		{FED90240-8FD1-495F-89B1-C0CC3C7CE6C1}.Debug|iPhoneSimulator.ActiveCfg = Debug|Any CPU
		{FED90240-8FD1-495F-89B1-C0CC3C7CE6C1}.Debug|iPhoneSimulator.Build.0 = Debug|Any CPU
		{FED90240-8FD1-495F-89B1-C0CC3C7CE6C1}.Release|Any CPU.ActiveCfg = Release|Any CPU
		{FED90240-8FD1-495F-89B1-C0CC3C7CE6C1}.Release|Any CPU.Build.0 = Release|Any CPU
		{FED90240-8FD1-495F-89B1-C0CC3C7CE6C1}.Release|iPhone.ActiveCfg = Release|Any CPU
		{FED90240-8FD1-495F-89B1-C0CC3C7CE6C1}.Release|iPhone.Build.0 = Release|Any CPU
		{FED90240-8FD1-495F-89B1-C0CC3C7CE6C1}.Release|iPhoneSimulator.ActiveCfg = Release|Any CPU
		{FED90240-8FD1-495F-89B1-C0CC3C7CE6C1}.Release|iPhoneSimulator.Build.0 = Release|Any CPU
		{6017FDEE-C050-4B7F-A61A-96D078168EE7}.Ad-Hoc|Any CPU.ActiveCfg = Release|Any CPU
		{6017FDEE-C050-4B7F-A61A-96D078168EE7}.Ad-Hoc|Any CPU.Build.0 = Release|Any CPU
		{6017FDEE-C050-4B7F-A61A-96D078168EE7}.Ad-Hoc|Any CPU.Deploy.0 = Release|Any CPU
		{6017FDEE-C050-4B7F-A61A-96D078168EE7}.Ad-Hoc|iPhone.ActiveCfg = Release|Any CPU
		{6017FDEE-C050-4B7F-A61A-96D078168EE7}.Ad-Hoc|iPhone.Build.0 = Release|Any CPU
		{6017FDEE-C050-4B7F-A61A-96D078168EE7}.Ad-Hoc|iPhone.Deploy.0 = Release|Any CPU
		{6017FDEE-C050-4B7F-A61A-96D078168EE7}.Ad-Hoc|iPhoneSimulator.ActiveCfg = Release|Any CPU
		{6017FDEE-C050-4B7F-A61A-96D078168EE7}.Ad-Hoc|iPhoneSimulator.Build.0 = Release|Any CPU
		{6017FDEE-C050-4B7F-A61A-96D078168EE7}.Ad-Hoc|iPhoneSimulator.Deploy.0 = Release|Any CPU
		{6017FDEE-C050-4B7F-A61A-96D078168EE7}.AppStore|Any CPU.ActiveCfg = Release|Any CPU
		{6017FDEE-C050-4B7F-A61A-96D078168EE7}.AppStore|Any CPU.Build.0 = Release|Any CPU
		{6017FDEE-C050-4B7F-A61A-96D078168EE7}.AppStore|Any CPU.Deploy.0 = Release|Any CPU
		{6017FDEE-C050-4B7F-A61A-96D078168EE7}.AppStore|iPhone.ActiveCfg = Release|Any CPU
		{6017FDEE-C050-4B7F-A61A-96D078168EE7}.AppStore|iPhone.Build.0 = Release|Any CPU
		{6017FDEE-C050-4B7F-A61A-96D078168EE7}.AppStore|iPhone.Deploy.0 = Release|Any CPU
		{6017FDEE-C050-4B7F-A61A-96D078168EE7}.AppStore|iPhoneSimulator.ActiveCfg = Release|Any CPU
		{6017FDEE-C050-4B7F-A61A-96D078168EE7}.AppStore|iPhoneSimulator.Build.0 = Release|Any CPU
		{6017FDEE-C050-4B7F-A61A-96D078168EE7}.AppStore|iPhoneSimulator.Deploy.0 = Release|Any CPU
		{6017FDEE-C050-4B7F-A61A-96D078168EE7}.Debug|Any CPU.ActiveCfg = Debug|Any CPU
		{6017FDEE-C050-4B7F-A61A-96D078168EE7}.Debug|Any CPU.Build.0 = Debug|Any CPU
		{6017FDEE-C050-4B7F-A61A-96D078168EE7}.Debug|Any CPU.Deploy.0 = Debug|Any CPU
		{6017FDEE-C050-4B7F-A61A-96D078168EE7}.Debug|iPhone.ActiveCfg = Debug|Any CPU
		{6017FDEE-C050-4B7F-A61A-96D078168EE7}.Debug|iPhone.Build.0 = Debug|Any CPU
		{6017FDEE-C050-4B7F-A61A-96D078168EE7}.Debug|iPhone.Deploy.0 = Debug|Any CPU
		{6017FDEE-C050-4B7F-A61A-96D078168EE7}.Debug|iPhoneSimulator.ActiveCfg = Debug|Any CPU
		{6017FDEE-C050-4B7F-A61A-96D078168EE7}.Debug|iPhoneSimulator.Build.0 = Debug|Any CPU
		{6017FDEE-C050-4B7F-A61A-96D078168EE7}.Debug|iPhoneSimulator.Deploy.0 = Debug|Any CPU
		{6017FDEE-C050-4B7F-A61A-96D078168EE7}.Release|Any CPU.ActiveCfg = Release|Any CPU
		{6017FDEE-C050-4B7F-A61A-96D078168EE7}.Release|Any CPU.Build.0 = Release|Any CPU
		{6017FDEE-C050-4B7F-A61A-96D078168EE7}.Release|Any CPU.Deploy.0 = Release|Any CPU
		{6017FDEE-C050-4B7F-A61A-96D078168EE7}.Release|iPhone.ActiveCfg = Release|Any CPU
		{6017FDEE-C050-4B7F-A61A-96D078168EE7}.Release|iPhone.Build.0 = Release|Any CPU
		{6017FDEE-C050-4B7F-A61A-96D078168EE7}.Release|iPhone.Deploy.0 = Release|Any CPU
		{6017FDEE-C050-4B7F-A61A-96D078168EE7}.Release|iPhoneSimulator.ActiveCfg = Release|Any CPU
		{6017FDEE-C050-4B7F-A61A-96D078168EE7}.Release|iPhoneSimulator.Build.0 = Release|Any CPU
		{6017FDEE-C050-4B7F-A61A-96D078168EE7}.Release|iPhoneSimulator.Deploy.0 = Release|Any CPU
		{EF85C1D8-BCA6-4729-B7D7-DBE111ACF2DE}.Ad-Hoc|Any CPU.ActiveCfg = Ad-Hoc|iPhone
		{EF85C1D8-BCA6-4729-B7D7-DBE111ACF2DE}.Ad-Hoc|iPhone.ActiveCfg = Ad-Hoc|iPhone
		{EF85C1D8-BCA6-4729-B7D7-DBE111ACF2DE}.Ad-Hoc|iPhone.Build.0 = Ad-Hoc|iPhone
		{EF85C1D8-BCA6-4729-B7D7-DBE111ACF2DE}.Ad-Hoc|iPhoneSimulator.ActiveCfg = Ad-Hoc|iPhoneSimulator
		{EF85C1D8-BCA6-4729-B7D7-DBE111ACF2DE}.Ad-Hoc|iPhoneSimulator.Build.0 = Ad-Hoc|iPhoneSimulator
		{EF85C1D8-BCA6-4729-B7D7-DBE111ACF2DE}.AppStore|Any CPU.ActiveCfg = AppStore|iPhone
		{EF85C1D8-BCA6-4729-B7D7-DBE111ACF2DE}.AppStore|iPhone.ActiveCfg = AppStore|iPhone
		{EF85C1D8-BCA6-4729-B7D7-DBE111ACF2DE}.AppStore|iPhone.Build.0 = AppStore|iPhone
		{EF85C1D8-BCA6-4729-B7D7-DBE111ACF2DE}.AppStore|iPhoneSimulator.ActiveCfg = AppStore|iPhoneSimulator
		{EF85C1D8-BCA6-4729-B7D7-DBE111ACF2DE}.AppStore|iPhoneSimulator.Build.0 = AppStore|iPhoneSimulator
		{EF85C1D8-BCA6-4729-B7D7-DBE111ACF2DE}.Debug|Any CPU.ActiveCfg = Debug|iPhone
		{EF85C1D8-BCA6-4729-B7D7-DBE111ACF2DE}.Debug|iPhone.ActiveCfg = Debug|iPhone
		{EF85C1D8-BCA6-4729-B7D7-DBE111ACF2DE}.Debug|iPhone.Build.0 = Debug|iPhone
		{EF85C1D8-BCA6-4729-B7D7-DBE111ACF2DE}.Debug|iPhoneSimulator.ActiveCfg = Debug|iPhoneSimulator
		{EF85C1D8-BCA6-4729-B7D7-DBE111ACF2DE}.Debug|iPhoneSimulator.Build.0 = Debug|iPhoneSimulator
		{EF85C1D8-BCA6-4729-B7D7-DBE111ACF2DE}.Release|Any CPU.ActiveCfg = Release|iPhone
		{EF85C1D8-BCA6-4729-B7D7-DBE111ACF2DE}.Release|iPhone.ActiveCfg = Release|iPhone
		{EF85C1D8-BCA6-4729-B7D7-DBE111ACF2DE}.Release|iPhone.Build.0 = Release|iPhone
		{EF85C1D8-BCA6-4729-B7D7-DBE111ACF2DE}.Release|iPhoneSimulator.ActiveCfg = Release|iPhoneSimulator
		{EF85C1D8-BCA6-4729-B7D7-DBE111ACF2DE}.Release|iPhoneSimulator.Build.0 = Release|iPhoneSimulator
		{25D81DA3-887F-4C7F-A3D1-CFC3354027EF}.Ad-Hoc|Any CPU.ActiveCfg = Debug|Any CPU
		{25D81DA3-887F-4C7F-A3D1-CFC3354027EF}.Ad-Hoc|Any CPU.Build.0 = Debug|Any CPU
		{25D81DA3-887F-4C7F-A3D1-CFC3354027EF}.Ad-Hoc|iPhone.ActiveCfg = Debug|Any CPU
		{25D81DA3-887F-4C7F-A3D1-CFC3354027EF}.Ad-Hoc|iPhone.Build.0 = Debug|Any CPU
		{25D81DA3-887F-4C7F-A3D1-CFC3354027EF}.Ad-Hoc|iPhoneSimulator.ActiveCfg = Debug|Any CPU
		{25D81DA3-887F-4C7F-A3D1-CFC3354027EF}.Ad-Hoc|iPhoneSimulator.Build.0 = Debug|Any CPU
		{25D81DA3-887F-4C7F-A3D1-CFC3354027EF}.AppStore|Any CPU.ActiveCfg = Debug|Any CPU
		{25D81DA3-887F-4C7F-A3D1-CFC3354027EF}.AppStore|Any CPU.Build.0 = Debug|Any CPU
		{25D81DA3-887F-4C7F-A3D1-CFC3354027EF}.AppStore|iPhone.ActiveCfg = Debug|Any CPU
		{25D81DA3-887F-4C7F-A3D1-CFC3354027EF}.AppStore|iPhone.Build.0 = Debug|Any CPU
		{25D81DA3-887F-4C7F-A3D1-CFC3354027EF}.AppStore|iPhoneSimulator.ActiveCfg = Debug|Any CPU
		{25D81DA3-887F-4C7F-A3D1-CFC3354027EF}.AppStore|iPhoneSimulator.Build.0 = Debug|Any CPU
		{25D81DA3-887F-4C7F-A3D1-CFC3354027EF}.Debug|Any CPU.ActiveCfg = Debug|Any CPU
		{25D81DA3-887F-4C7F-A3D1-CFC3354027EF}.Debug|Any CPU.Build.0 = Debug|Any CPU
		{25D81DA3-887F-4C7F-A3D1-CFC3354027EF}.Debug|iPhone.ActiveCfg = Debug|Any CPU
		{25D81DA3-887F-4C7F-A3D1-CFC3354027EF}.Debug|iPhone.Build.0 = Debug|Any CPU
		{25D81DA3-887F-4C7F-A3D1-CFC3354027EF}.Debug|iPhoneSimulator.ActiveCfg = Debug|Any CPU
		{25D81DA3-887F-4C7F-A3D1-CFC3354027EF}.Debug|iPhoneSimulator.Build.0 = Debug|Any CPU
		{25D81DA3-887F-4C7F-A3D1-CFC3354027EF}.Release|Any CPU.ActiveCfg = Release|Any CPU
		{25D81DA3-887F-4C7F-A3D1-CFC3354027EF}.Release|Any CPU.Build.0 = Release|Any CPU
		{25D81DA3-887F-4C7F-A3D1-CFC3354027EF}.Release|iPhone.ActiveCfg = Release|Any CPU
		{25D81DA3-887F-4C7F-A3D1-CFC3354027EF}.Release|iPhone.Build.0 = Release|Any CPU
		{25D81DA3-887F-4C7F-A3D1-CFC3354027EF}.Release|iPhoneSimulator.ActiveCfg = Release|Any CPU
		{25D81DA3-887F-4C7F-A3D1-CFC3354027EF}.Release|iPhoneSimulator.Build.0 = Release|Any CPU
		{88C58A48-0DBB-427B-982E-23D7D10412CB}.Ad-Hoc|Any CPU.ActiveCfg = Release|Any CPU
		{88C58A48-0DBB-427B-982E-23D7D10412CB}.Ad-Hoc|Any CPU.Build.0 = Release|Any CPU
		{88C58A48-0DBB-427B-982E-23D7D10412CB}.Ad-Hoc|Any CPU.Deploy.0 = Release|Any CPU
		{88C58A48-0DBB-427B-982E-23D7D10412CB}.Ad-Hoc|iPhone.ActiveCfg = Release|Any CPU
		{88C58A48-0DBB-427B-982E-23D7D10412CB}.Ad-Hoc|iPhone.Build.0 = Release|Any CPU
		{88C58A48-0DBB-427B-982E-23D7D10412CB}.Ad-Hoc|iPhone.Deploy.0 = Release|Any CPU
		{88C58A48-0DBB-427B-982E-23D7D10412CB}.Ad-Hoc|iPhoneSimulator.ActiveCfg = Release|Any CPU
		{88C58A48-0DBB-427B-982E-23D7D10412CB}.Ad-Hoc|iPhoneSimulator.Build.0 = Release|Any CPU
		{88C58A48-0DBB-427B-982E-23D7D10412CB}.Ad-Hoc|iPhoneSimulator.Deploy.0 = Release|Any CPU
		{88C58A48-0DBB-427B-982E-23D7D10412CB}.AppStore|Any CPU.ActiveCfg = Release|Any CPU
		{88C58A48-0DBB-427B-982E-23D7D10412CB}.AppStore|Any CPU.Build.0 = Release|Any CPU
		{88C58A48-0DBB-427B-982E-23D7D10412CB}.AppStore|Any CPU.Deploy.0 = Release|Any CPU
		{88C58A48-0DBB-427B-982E-23D7D10412CB}.AppStore|iPhone.ActiveCfg = Release|Any CPU
		{88C58A48-0DBB-427B-982E-23D7D10412CB}.AppStore|iPhone.Build.0 = Release|Any CPU
		{88C58A48-0DBB-427B-982E-23D7D10412CB}.AppStore|iPhone.Deploy.0 = Release|Any CPU
		{88C58A48-0DBB-427B-982E-23D7D10412CB}.AppStore|iPhoneSimulator.ActiveCfg = Release|Any CPU
		{88C58A48-0DBB-427B-982E-23D7D10412CB}.AppStore|iPhoneSimulator.Build.0 = Release|Any CPU
		{88C58A48-0DBB-427B-982E-23D7D10412CB}.AppStore|iPhoneSimulator.Deploy.0 = Release|Any CPU
		{88C58A48-0DBB-427B-982E-23D7D10412CB}.Debug|Any CPU.ActiveCfg = Debug|Any CPU
		{88C58A48-0DBB-427B-982E-23D7D10412CB}.Debug|Any CPU.Build.0 = Debug|Any CPU
		{88C58A48-0DBB-427B-982E-23D7D10412CB}.Debug|Any CPU.Deploy.0 = Debug|Any CPU
		{88C58A48-0DBB-427B-982E-23D7D10412CB}.Debug|iPhone.ActiveCfg = Debug|Any CPU
		{88C58A48-0DBB-427B-982E-23D7D10412CB}.Debug|iPhone.Build.0 = Debug|Any CPU
		{88C58A48-0DBB-427B-982E-23D7D10412CB}.Debug|iPhone.Deploy.0 = Debug|Any CPU
		{88C58A48-0DBB-427B-982E-23D7D10412CB}.Debug|iPhoneSimulator.ActiveCfg = Debug|Any CPU
		{88C58A48-0DBB-427B-982E-23D7D10412CB}.Debug|iPhoneSimulator.Build.0 = Debug|Any CPU
		{88C58A48-0DBB-427B-982E-23D7D10412CB}.Debug|iPhoneSimulator.Deploy.0 = Debug|Any CPU
		{88C58A48-0DBB-427B-982E-23D7D10412CB}.Release|Any CPU.ActiveCfg = Release|Any CPU
		{88C58A48-0DBB-427B-982E-23D7D10412CB}.Release|Any CPU.Build.0 = Release|Any CPU
		{88C58A48-0DBB-427B-982E-23D7D10412CB}.Release|Any CPU.Deploy.0 = Release|Any CPU
		{88C58A48-0DBB-427B-982E-23D7D10412CB}.Release|iPhone.ActiveCfg = Release|Any CPU
		{88C58A48-0DBB-427B-982E-23D7D10412CB}.Release|iPhone.Build.0 = Release|Any CPU
		{88C58A48-0DBB-427B-982E-23D7D10412CB}.Release|iPhone.Deploy.0 = Release|Any CPU
		{88C58A48-0DBB-427B-982E-23D7D10412CB}.Release|iPhoneSimulator.ActiveCfg = Release|Any CPU
		{88C58A48-0DBB-427B-982E-23D7D10412CB}.Release|iPhoneSimulator.Build.0 = Release|Any CPU
		{88C58A48-0DBB-427B-982E-23D7D10412CB}.Release|iPhoneSimulator.Deploy.0 = Release|Any CPU
		{A16B0231-2DF1-4964-B430-CA8B8C4C7DF7}.Ad-Hoc|Any CPU.ActiveCfg = Ad-Hoc|iPhone
		{A16B0231-2DF1-4964-B430-CA8B8C4C7DF7}.Ad-Hoc|iPhone.ActiveCfg = Ad-Hoc|iPhone
		{A16B0231-2DF1-4964-B430-CA8B8C4C7DF7}.Ad-Hoc|iPhone.Build.0 = Ad-Hoc|iPhone
		{A16B0231-2DF1-4964-B430-CA8B8C4C7DF7}.Ad-Hoc|iPhoneSimulator.ActiveCfg = Ad-Hoc|iPhoneSimulator
		{A16B0231-2DF1-4964-B430-CA8B8C4C7DF7}.Ad-Hoc|iPhoneSimulator.Build.0 = Ad-Hoc|iPhoneSimulator
		{A16B0231-2DF1-4964-B430-CA8B8C4C7DF7}.AppStore|Any CPU.ActiveCfg = AppStore|iPhone
		{A16B0231-2DF1-4964-B430-CA8B8C4C7DF7}.AppStore|iPhone.ActiveCfg = AppStore|iPhone
		{A16B0231-2DF1-4964-B430-CA8B8C4C7DF7}.AppStore|iPhone.Build.0 = AppStore|iPhone
		{A16B0231-2DF1-4964-B430-CA8B8C4C7DF7}.AppStore|iPhoneSimulator.ActiveCfg = AppStore|iPhoneSimulator
		{A16B0231-2DF1-4964-B430-CA8B8C4C7DF7}.AppStore|iPhoneSimulator.Build.0 = AppStore|iPhoneSimulator
		{A16B0231-2DF1-4964-B430-CA8B8C4C7DF7}.Debug|Any CPU.ActiveCfg = Debug|iPhone
		{A16B0231-2DF1-4964-B430-CA8B8C4C7DF7}.Debug|iPhone.ActiveCfg = Debug|iPhone
		{A16B0231-2DF1-4964-B430-CA8B8C4C7DF7}.Debug|iPhone.Build.0 = Debug|iPhone
		{A16B0231-2DF1-4964-B430-CA8B8C4C7DF7}.Debug|iPhoneSimulator.ActiveCfg = Debug|iPhoneSimulator
		{A16B0231-2DF1-4964-B430-CA8B8C4C7DF7}.Debug|iPhoneSimulator.Build.0 = Debug|iPhoneSimulator
		{A16B0231-2DF1-4964-B430-CA8B8C4C7DF7}.Release|Any CPU.ActiveCfg = Release|iPhone
		{A16B0231-2DF1-4964-B430-CA8B8C4C7DF7}.Release|iPhone.ActiveCfg = Release|iPhone
		{A16B0231-2DF1-4964-B430-CA8B8C4C7DF7}.Release|iPhone.Build.0 = Release|iPhone
		{A16B0231-2DF1-4964-B430-CA8B8C4C7DF7}.Release|iPhoneSimulator.ActiveCfg = Release|iPhoneSimulator
		{A16B0231-2DF1-4964-B430-CA8B8C4C7DF7}.Release|iPhoneSimulator.Build.0 = Release|iPhoneSimulator
		{11D47A56-06A4-44F2-B99C-711ED0F1C5F9}.Ad-Hoc|Any CPU.ActiveCfg = Debug|Any CPU
		{11D47A56-06A4-44F2-B99C-711ED0F1C5F9}.Ad-Hoc|Any CPU.Build.0 = Debug|Any CPU
		{11D47A56-06A4-44F2-B99C-711ED0F1C5F9}.Ad-Hoc|iPhone.ActiveCfg = Debug|Any CPU
		{11D47A56-06A4-44F2-B99C-711ED0F1C5F9}.Ad-Hoc|iPhone.Build.0 = Debug|Any CPU
		{11D47A56-06A4-44F2-B99C-711ED0F1C5F9}.Ad-Hoc|iPhoneSimulator.ActiveCfg = Debug|Any CPU
		{11D47A56-06A4-44F2-B99C-711ED0F1C5F9}.Ad-Hoc|iPhoneSimulator.Build.0 = Debug|Any CPU
		{11D47A56-06A4-44F2-B99C-711ED0F1C5F9}.AppStore|Any CPU.ActiveCfg = Debug|Any CPU
		{11D47A56-06A4-44F2-B99C-711ED0F1C5F9}.AppStore|Any CPU.Build.0 = Debug|Any CPU
		{11D47A56-06A4-44F2-B99C-711ED0F1C5F9}.AppStore|iPhone.ActiveCfg = Debug|Any CPU
		{11D47A56-06A4-44F2-B99C-711ED0F1C5F9}.AppStore|iPhone.Build.0 = Debug|Any CPU
		{11D47A56-06A4-44F2-B99C-711ED0F1C5F9}.AppStore|iPhoneSimulator.ActiveCfg = Debug|Any CPU
		{11D47A56-06A4-44F2-B99C-711ED0F1C5F9}.AppStore|iPhoneSimulator.Build.0 = Debug|Any CPU
		{11D47A56-06A4-44F2-B99C-711ED0F1C5F9}.Debug|Any CPU.ActiveCfg = Debug|Any CPU
		{11D47A56-06A4-44F2-B99C-711ED0F1C5F9}.Debug|Any CPU.Build.0 = Debug|Any CPU
		{11D47A56-06A4-44F2-B99C-711ED0F1C5F9}.Debug|iPhone.ActiveCfg = Debug|Any CPU
		{11D47A56-06A4-44F2-B99C-711ED0F1C5F9}.Debug|iPhone.Build.0 = Debug|Any CPU
		{11D47A56-06A4-44F2-B99C-711ED0F1C5F9}.Debug|iPhoneSimulator.ActiveCfg = Debug|Any CPU
		{11D47A56-06A4-44F2-B99C-711ED0F1C5F9}.Debug|iPhoneSimulator.Build.0 = Debug|Any CPU
		{11D47A56-06A4-44F2-B99C-711ED0F1C5F9}.Release|Any CPU.ActiveCfg = Release|Any CPU
		{11D47A56-06A4-44F2-B99C-711ED0F1C5F9}.Release|Any CPU.Build.0 = Release|Any CPU
		{11D47A56-06A4-44F2-B99C-711ED0F1C5F9}.Release|iPhone.ActiveCfg = Release|Any CPU
		{11D47A56-06A4-44F2-B99C-711ED0F1C5F9}.Release|iPhone.Build.0 = Release|Any CPU
		{11D47A56-06A4-44F2-B99C-711ED0F1C5F9}.Release|iPhoneSimulator.ActiveCfg = Release|Any CPU
		{11D47A56-06A4-44F2-B99C-711ED0F1C5F9}.Release|iPhoneSimulator.Build.0 = Release|Any CPU
		{FF3C4877-12EB-4E3B-98F3-05429926768D}.Ad-Hoc|Any CPU.ActiveCfg = Release|Any CPU
		{FF3C4877-12EB-4E3B-98F3-05429926768D}.Ad-Hoc|Any CPU.Build.0 = Release|Any CPU
		{FF3C4877-12EB-4E3B-98F3-05429926768D}.Ad-Hoc|Any CPU.Deploy.0 = Release|Any CPU
		{FF3C4877-12EB-4E3B-98F3-05429926768D}.Ad-Hoc|iPhone.ActiveCfg = Release|Any CPU
		{FF3C4877-12EB-4E3B-98F3-05429926768D}.Ad-Hoc|iPhone.Build.0 = Release|Any CPU
		{FF3C4877-12EB-4E3B-98F3-05429926768D}.Ad-Hoc|iPhone.Deploy.0 = Release|Any CPU
		{FF3C4877-12EB-4E3B-98F3-05429926768D}.Ad-Hoc|iPhoneSimulator.ActiveCfg = Release|Any CPU
		{FF3C4877-12EB-4E3B-98F3-05429926768D}.Ad-Hoc|iPhoneSimulator.Build.0 = Release|Any CPU
		{FF3C4877-12EB-4E3B-98F3-05429926768D}.Ad-Hoc|iPhoneSimulator.Deploy.0 = Release|Any CPU
		{FF3C4877-12EB-4E3B-98F3-05429926768D}.AppStore|Any CPU.ActiveCfg = Release|Any CPU
		{FF3C4877-12EB-4E3B-98F3-05429926768D}.AppStore|Any CPU.Build.0 = Release|Any CPU
		{FF3C4877-12EB-4E3B-98F3-05429926768D}.AppStore|Any CPU.Deploy.0 = Release|Any CPU
		{FF3C4877-12EB-4E3B-98F3-05429926768D}.AppStore|iPhone.ActiveCfg = Release|Any CPU
		{FF3C4877-12EB-4E3B-98F3-05429926768D}.AppStore|iPhone.Build.0 = Release|Any CPU
		{FF3C4877-12EB-4E3B-98F3-05429926768D}.AppStore|iPhone.Deploy.0 = Release|Any CPU
		{FF3C4877-12EB-4E3B-98F3-05429926768D}.AppStore|iPhoneSimulator.ActiveCfg = Release|Any CPU
		{FF3C4877-12EB-4E3B-98F3-05429926768D}.AppStore|iPhoneSimulator.Build.0 = Release|Any CPU
		{FF3C4877-12EB-4E3B-98F3-05429926768D}.AppStore|iPhoneSimulator.Deploy.0 = Release|Any CPU
		{FF3C4877-12EB-4E3B-98F3-05429926768D}.Debug|Any CPU.ActiveCfg = Debug|Any CPU
		{FF3C4877-12EB-4E3B-98F3-05429926768D}.Debug|Any CPU.Build.0 = Debug|Any CPU
		{FF3C4877-12EB-4E3B-98F3-05429926768D}.Debug|Any CPU.Deploy.0 = Debug|Any CPU
		{FF3C4877-12EB-4E3B-98F3-05429926768D}.Debug|iPhone.ActiveCfg = Debug|Any CPU
		{FF3C4877-12EB-4E3B-98F3-05429926768D}.Debug|iPhone.Build.0 = Debug|Any CPU
		{FF3C4877-12EB-4E3B-98F3-05429926768D}.Debug|iPhone.Deploy.0 = Debug|Any CPU
		{FF3C4877-12EB-4E3B-98F3-05429926768D}.Debug|iPhoneSimulator.ActiveCfg = Debug|Any CPU
		{FF3C4877-12EB-4E3B-98F3-05429926768D}.Debug|iPhoneSimulator.Build.0 = Debug|Any CPU
		{FF3C4877-12EB-4E3B-98F3-05429926768D}.Debug|iPhoneSimulator.Deploy.0 = Debug|Any CPU
		{FF3C4877-12EB-4E3B-98F3-05429926768D}.Release|Any CPU.ActiveCfg = Release|Any CPU
		{FF3C4877-12EB-4E3B-98F3-05429926768D}.Release|Any CPU.Build.0 = Release|Any CPU
		{FF3C4877-12EB-4E3B-98F3-05429926768D}.Release|Any CPU.Deploy.0 = Release|Any CPU
		{FF3C4877-12EB-4E3B-98F3-05429926768D}.Release|iPhone.ActiveCfg = Release|Any CPU
		{FF3C4877-12EB-4E3B-98F3-05429926768D}.Release|iPhone.Build.0 = Release|Any CPU
		{FF3C4877-12EB-4E3B-98F3-05429926768D}.Release|iPhone.Deploy.0 = Release|Any CPU
		{FF3C4877-12EB-4E3B-98F3-05429926768D}.Release|iPhoneSimulator.ActiveCfg = Release|Any CPU
		{FF3C4877-12EB-4E3B-98F3-05429926768D}.Release|iPhoneSimulator.Build.0 = Release|Any CPU
		{FF3C4877-12EB-4E3B-98F3-05429926768D}.Release|iPhoneSimulator.Deploy.0 = Release|Any CPU
		{39689F1B-4EF9-4B84-9683-E930F473DE94}.Ad-Hoc|Any CPU.ActiveCfg = Ad-Hoc|iPhone
		{39689F1B-4EF9-4B84-9683-E930F473DE94}.Ad-Hoc|iPhone.ActiveCfg = Ad-Hoc|iPhone
		{39689F1B-4EF9-4B84-9683-E930F473DE94}.Ad-Hoc|iPhone.Build.0 = Ad-Hoc|iPhone
		{39689F1B-4EF9-4B84-9683-E930F473DE94}.Ad-Hoc|iPhoneSimulator.ActiveCfg = Ad-Hoc|iPhoneSimulator
		{39689F1B-4EF9-4B84-9683-E930F473DE94}.Ad-Hoc|iPhoneSimulator.Build.0 = Ad-Hoc|iPhoneSimulator
		{39689F1B-4EF9-4B84-9683-E930F473DE94}.AppStore|Any CPU.ActiveCfg = AppStore|iPhone
		{39689F1B-4EF9-4B84-9683-E930F473DE94}.AppStore|iPhone.ActiveCfg = AppStore|iPhone
		{39689F1B-4EF9-4B84-9683-E930F473DE94}.AppStore|iPhone.Build.0 = AppStore|iPhone
		{39689F1B-4EF9-4B84-9683-E930F473DE94}.AppStore|iPhoneSimulator.ActiveCfg = AppStore|iPhoneSimulator
		{39689F1B-4EF9-4B84-9683-E930F473DE94}.AppStore|iPhoneSimulator.Build.0 = AppStore|iPhoneSimulator
		{39689F1B-4EF9-4B84-9683-E930F473DE94}.Debug|Any CPU.ActiveCfg = Debug|iPhone
		{39689F1B-4EF9-4B84-9683-E930F473DE94}.Debug|iPhone.ActiveCfg = Debug|iPhone
		{39689F1B-4EF9-4B84-9683-E930F473DE94}.Debug|iPhone.Build.0 = Debug|iPhone
		{39689F1B-4EF9-4B84-9683-E930F473DE94}.Debug|iPhoneSimulator.ActiveCfg = Debug|iPhoneSimulator
		{39689F1B-4EF9-4B84-9683-E930F473DE94}.Debug|iPhoneSimulator.Build.0 = Debug|iPhoneSimulator
		{39689F1B-4EF9-4B84-9683-E930F473DE94}.Release|Any CPU.ActiveCfg = Release|iPhone
		{39689F1B-4EF9-4B84-9683-E930F473DE94}.Release|iPhone.ActiveCfg = Release|iPhone
		{39689F1B-4EF9-4B84-9683-E930F473DE94}.Release|iPhone.Build.0 = Release|iPhone
		{39689F1B-4EF9-4B84-9683-E930F473DE94}.Release|iPhoneSimulator.ActiveCfg = Release|iPhoneSimulator
		{39689F1B-4EF9-4B84-9683-E930F473DE94}.Release|iPhoneSimulator.Build.0 = Release|iPhoneSimulator
		{7424A2DA-BD43-4261-8956-43879A16E8C0}.Ad-Hoc|Any CPU.ActiveCfg = Debug|Any CPU
		{7424A2DA-BD43-4261-8956-43879A16E8C0}.Ad-Hoc|Any CPU.Build.0 = Debug|Any CPU
		{7424A2DA-BD43-4261-8956-43879A16E8C0}.Ad-Hoc|iPhone.ActiveCfg = Debug|Any CPU
		{7424A2DA-BD43-4261-8956-43879A16E8C0}.Ad-Hoc|iPhone.Build.0 = Debug|Any CPU
		{7424A2DA-BD43-4261-8956-43879A16E8C0}.Ad-Hoc|iPhoneSimulator.ActiveCfg = Debug|Any CPU
		{7424A2DA-BD43-4261-8956-43879A16E8C0}.Ad-Hoc|iPhoneSimulator.Build.0 = Debug|Any CPU
		{7424A2DA-BD43-4261-8956-43879A16E8C0}.AppStore|Any CPU.ActiveCfg = Debug|Any CPU
		{7424A2DA-BD43-4261-8956-43879A16E8C0}.AppStore|Any CPU.Build.0 = Debug|Any CPU
		{7424A2DA-BD43-4261-8956-43879A16E8C0}.AppStore|iPhone.ActiveCfg = Debug|Any CPU
		{7424A2DA-BD43-4261-8956-43879A16E8C0}.AppStore|iPhone.Build.0 = Debug|Any CPU
		{7424A2DA-BD43-4261-8956-43879A16E8C0}.AppStore|iPhoneSimulator.ActiveCfg = Debug|Any CPU
		{7424A2DA-BD43-4261-8956-43879A16E8C0}.AppStore|iPhoneSimulator.Build.0 = Debug|Any CPU
		{7424A2DA-BD43-4261-8956-43879A16E8C0}.Debug|Any CPU.ActiveCfg = Debug|Any CPU
		{7424A2DA-BD43-4261-8956-43879A16E8C0}.Debug|Any CPU.Build.0 = Debug|Any CPU
		{7424A2DA-BD43-4261-8956-43879A16E8C0}.Debug|iPhone.ActiveCfg = Debug|Any CPU
		{7424A2DA-BD43-4261-8956-43879A16E8C0}.Debug|iPhone.Build.0 = Debug|Any CPU
		{7424A2DA-BD43-4261-8956-43879A16E8C0}.Debug|iPhoneSimulator.ActiveCfg = Debug|Any CPU
		{7424A2DA-BD43-4261-8956-43879A16E8C0}.Debug|iPhoneSimulator.Build.0 = Debug|Any CPU
		{7424A2DA-BD43-4261-8956-43879A16E8C0}.Release|Any CPU.ActiveCfg = Release|Any CPU
		{7424A2DA-BD43-4261-8956-43879A16E8C0}.Release|Any CPU.Build.0 = Release|Any CPU
		{7424A2DA-BD43-4261-8956-43879A16E8C0}.Release|iPhone.ActiveCfg = Release|Any CPU
		{7424A2DA-BD43-4261-8956-43879A16E8C0}.Release|iPhone.Build.0 = Release|Any CPU
		{7424A2DA-BD43-4261-8956-43879A16E8C0}.Release|iPhoneSimulator.ActiveCfg = Release|Any CPU
		{7424A2DA-BD43-4261-8956-43879A16E8C0}.Release|iPhoneSimulator.Build.0 = Release|Any CPU
		{17F58C2D-C8EF-4338-8653-415AFAB0DB9F}.Ad-Hoc|Any CPU.ActiveCfg = Release|Any CPU
		{17F58C2D-C8EF-4338-8653-415AFAB0DB9F}.Ad-Hoc|Any CPU.Build.0 = Release|Any CPU
		{17F58C2D-C8EF-4338-8653-415AFAB0DB9F}.Ad-Hoc|Any CPU.Deploy.0 = Release|Any CPU
		{17F58C2D-C8EF-4338-8653-415AFAB0DB9F}.Ad-Hoc|iPhone.ActiveCfg = Release|Any CPU
		{17F58C2D-C8EF-4338-8653-415AFAB0DB9F}.Ad-Hoc|iPhone.Build.0 = Release|Any CPU
		{17F58C2D-C8EF-4338-8653-415AFAB0DB9F}.Ad-Hoc|iPhone.Deploy.0 = Release|Any CPU
		{17F58C2D-C8EF-4338-8653-415AFAB0DB9F}.Ad-Hoc|iPhoneSimulator.ActiveCfg = Release|Any CPU
		{17F58C2D-C8EF-4338-8653-415AFAB0DB9F}.Ad-Hoc|iPhoneSimulator.Build.0 = Release|Any CPU
		{17F58C2D-C8EF-4338-8653-415AFAB0DB9F}.Ad-Hoc|iPhoneSimulator.Deploy.0 = Release|Any CPU
		{17F58C2D-C8EF-4338-8653-415AFAB0DB9F}.AppStore|Any CPU.ActiveCfg = Release|Any CPU
		{17F58C2D-C8EF-4338-8653-415AFAB0DB9F}.AppStore|Any CPU.Build.0 = Release|Any CPU
		{17F58C2D-C8EF-4338-8653-415AFAB0DB9F}.AppStore|Any CPU.Deploy.0 = Release|Any CPU
		{17F58C2D-C8EF-4338-8653-415AFAB0DB9F}.AppStore|iPhone.ActiveCfg = Release|Any CPU
		{17F58C2D-C8EF-4338-8653-415AFAB0DB9F}.AppStore|iPhone.Build.0 = Release|Any CPU
		{17F58C2D-C8EF-4338-8653-415AFAB0DB9F}.AppStore|iPhone.Deploy.0 = Release|Any CPU
		{17F58C2D-C8EF-4338-8653-415AFAB0DB9F}.AppStore|iPhoneSimulator.ActiveCfg = Release|Any CPU
		{17F58C2D-C8EF-4338-8653-415AFAB0DB9F}.AppStore|iPhoneSimulator.Build.0 = Release|Any CPU
		{17F58C2D-C8EF-4338-8653-415AFAB0DB9F}.AppStore|iPhoneSimulator.Deploy.0 = Release|Any CPU
		{17F58C2D-C8EF-4338-8653-415AFAB0DB9F}.Debug|Any CPU.ActiveCfg = Debug|Any CPU
		{17F58C2D-C8EF-4338-8653-415AFAB0DB9F}.Debug|Any CPU.Build.0 = Debug|Any CPU
		{17F58C2D-C8EF-4338-8653-415AFAB0DB9F}.Debug|Any CPU.Deploy.0 = Debug|Any CPU
		{17F58C2D-C8EF-4338-8653-415AFAB0DB9F}.Debug|iPhone.ActiveCfg = Debug|Any CPU
		{17F58C2D-C8EF-4338-8653-415AFAB0DB9F}.Debug|iPhone.Build.0 = Debug|Any CPU
		{17F58C2D-C8EF-4338-8653-415AFAB0DB9F}.Debug|iPhone.Deploy.0 = Debug|Any CPU
		{17F58C2D-C8EF-4338-8653-415AFAB0DB9F}.Debug|iPhoneSimulator.ActiveCfg = Debug|Any CPU
		{17F58C2D-C8EF-4338-8653-415AFAB0DB9F}.Debug|iPhoneSimulator.Build.0 = Debug|Any CPU
		{17F58C2D-C8EF-4338-8653-415AFAB0DB9F}.Debug|iPhoneSimulator.Deploy.0 = Debug|Any CPU
		{17F58C2D-C8EF-4338-8653-415AFAB0DB9F}.Release|Any CPU.ActiveCfg = Release|Any CPU
		{17F58C2D-C8EF-4338-8653-415AFAB0DB9F}.Release|Any CPU.Build.0 = Release|Any CPU
		{17F58C2D-C8EF-4338-8653-415AFAB0DB9F}.Release|Any CPU.Deploy.0 = Release|Any CPU
		{17F58C2D-C8EF-4338-8653-415AFAB0DB9F}.Release|iPhone.ActiveCfg = Release|Any CPU
		{17F58C2D-C8EF-4338-8653-415AFAB0DB9F}.Release|iPhone.Build.0 = Release|Any CPU
		{17F58C2D-C8EF-4338-8653-415AFAB0DB9F}.Release|iPhone.Deploy.0 = Release|Any CPU
		{17F58C2D-C8EF-4338-8653-415AFAB0DB9F}.Release|iPhoneSimulator.ActiveCfg = Release|Any CPU
		{17F58C2D-C8EF-4338-8653-415AFAB0DB9F}.Release|iPhoneSimulator.Build.0 = Release|Any CPU
		{17F58C2D-C8EF-4338-8653-415AFAB0DB9F}.Release|iPhoneSimulator.Deploy.0 = Release|Any CPU
		{8723E1CA-43A8-4741-8CFB-F967652747F8}.Ad-Hoc|Any CPU.ActiveCfg = Ad-Hoc|iPhone
		{8723E1CA-43A8-4741-8CFB-F967652747F8}.Ad-Hoc|iPhone.ActiveCfg = Ad-Hoc|iPhone
		{8723E1CA-43A8-4741-8CFB-F967652747F8}.Ad-Hoc|iPhone.Build.0 = Ad-Hoc|iPhone
		{8723E1CA-43A8-4741-8CFB-F967652747F8}.Ad-Hoc|iPhoneSimulator.ActiveCfg = Ad-Hoc|iPhoneSimulator
		{8723E1CA-43A8-4741-8CFB-F967652747F8}.Ad-Hoc|iPhoneSimulator.Build.0 = Ad-Hoc|iPhoneSimulator
		{8723E1CA-43A8-4741-8CFB-F967652747F8}.AppStore|Any CPU.ActiveCfg = AppStore|iPhone
		{8723E1CA-43A8-4741-8CFB-F967652747F8}.AppStore|iPhone.ActiveCfg = AppStore|iPhone
		{8723E1CA-43A8-4741-8CFB-F967652747F8}.AppStore|iPhone.Build.0 = AppStore|iPhone
		{8723E1CA-43A8-4741-8CFB-F967652747F8}.AppStore|iPhoneSimulator.ActiveCfg = AppStore|iPhoneSimulator
		{8723E1CA-43A8-4741-8CFB-F967652747F8}.AppStore|iPhoneSimulator.Build.0 = AppStore|iPhoneSimulator
		{8723E1CA-43A8-4741-8CFB-F967652747F8}.Debug|Any CPU.ActiveCfg = Debug|iPhone
		{8723E1CA-43A8-4741-8CFB-F967652747F8}.Debug|iPhone.ActiveCfg = Debug|iPhone
		{8723E1CA-43A8-4741-8CFB-F967652747F8}.Debug|iPhone.Build.0 = Debug|iPhone
		{8723E1CA-43A8-4741-8CFB-F967652747F8}.Debug|iPhoneSimulator.ActiveCfg = Debug|iPhoneSimulator
		{8723E1CA-43A8-4741-8CFB-F967652747F8}.Debug|iPhoneSimulator.Build.0 = Debug|iPhoneSimulator
		{8723E1CA-43A8-4741-8CFB-F967652747F8}.Release|Any CPU.ActiveCfg = Release|iPhone
		{8723E1CA-43A8-4741-8CFB-F967652747F8}.Release|iPhone.ActiveCfg = Release|iPhone
		{8723E1CA-43A8-4741-8CFB-F967652747F8}.Release|iPhone.Build.0 = Release|iPhone
		{8723E1CA-43A8-4741-8CFB-F967652747F8}.Release|iPhoneSimulator.ActiveCfg = Release|iPhoneSimulator
		{8723E1CA-43A8-4741-8CFB-F967652747F8}.Release|iPhoneSimulator.Build.0 = Release|iPhoneSimulator
		{400D46D8-C5FB-440D-A7A2-5134D5AAC222}.Ad-Hoc|Any CPU.ActiveCfg = Debug|Any CPU
		{400D46D8-C5FB-440D-A7A2-5134D5AAC222}.Ad-Hoc|Any CPU.Build.0 = Debug|Any CPU
		{400D46D8-C5FB-440D-A7A2-5134D5AAC222}.Ad-Hoc|iPhone.ActiveCfg = Debug|Any CPU
		{400D46D8-C5FB-440D-A7A2-5134D5AAC222}.Ad-Hoc|iPhone.Build.0 = Debug|Any CPU
		{400D46D8-C5FB-440D-A7A2-5134D5AAC222}.Ad-Hoc|iPhoneSimulator.ActiveCfg = Debug|Any CPU
		{400D46D8-C5FB-440D-A7A2-5134D5AAC222}.Ad-Hoc|iPhoneSimulator.Build.0 = Debug|Any CPU
		{400D46D8-C5FB-440D-A7A2-5134D5AAC222}.AppStore|Any CPU.ActiveCfg = Debug|Any CPU
		{400D46D8-C5FB-440D-A7A2-5134D5AAC222}.AppStore|Any CPU.Build.0 = Debug|Any CPU
		{400D46D8-C5FB-440D-A7A2-5134D5AAC222}.AppStore|iPhone.ActiveCfg = Debug|Any CPU
		{400D46D8-C5FB-440D-A7A2-5134D5AAC222}.AppStore|iPhone.Build.0 = Debug|Any CPU
		{400D46D8-C5FB-440D-A7A2-5134D5AAC222}.AppStore|iPhoneSimulator.ActiveCfg = Debug|Any CPU
		{400D46D8-C5FB-440D-A7A2-5134D5AAC222}.AppStore|iPhoneSimulator.Build.0 = Debug|Any CPU
		{400D46D8-C5FB-440D-A7A2-5134D5AAC222}.Debug|Any CPU.ActiveCfg = Debug|Any CPU
		{400D46D8-C5FB-440D-A7A2-5134D5AAC222}.Debug|Any CPU.Build.0 = Debug|Any CPU
		{400D46D8-C5FB-440D-A7A2-5134D5AAC222}.Debug|iPhone.ActiveCfg = Debug|Any CPU
		{400D46D8-C5FB-440D-A7A2-5134D5AAC222}.Debug|iPhone.Build.0 = Debug|Any CPU
		{400D46D8-C5FB-440D-A7A2-5134D5AAC222}.Debug|iPhoneSimulator.ActiveCfg = Debug|Any CPU
		{400D46D8-C5FB-440D-A7A2-5134D5AAC222}.Debug|iPhoneSimulator.Build.0 = Debug|Any CPU
		{400D46D8-C5FB-440D-A7A2-5134D5AAC222}.Release|Any CPU.ActiveCfg = Release|Any CPU
		{400D46D8-C5FB-440D-A7A2-5134D5AAC222}.Release|Any CPU.Build.0 = Release|Any CPU
		{400D46D8-C5FB-440D-A7A2-5134D5AAC222}.Release|iPhone.ActiveCfg = Release|Any CPU
		{400D46D8-C5FB-440D-A7A2-5134D5AAC222}.Release|iPhone.Build.0 = Release|Any CPU
		{400D46D8-C5FB-440D-A7A2-5134D5AAC222}.Release|iPhoneSimulator.ActiveCfg = Release|Any CPU
		{400D46D8-C5FB-440D-A7A2-5134D5AAC222}.Release|iPhoneSimulator.Build.0 = Release|Any CPU
	EndGlobalSection
	GlobalSection(SolutionProperties) = preSolution
		HideSolutionNode = FALSE
	EndGlobalSection
	GlobalSection(ExtensibilityGlobals) = postSolution
		SolutionGuid = {EC63C1D6-664B-44B4-89EA-D849CB0ED6AB}
	EndGlobalSection
EndGlobal
